
Microsoft Visual Studio Solution File, Format Version 12.00
# Visual Studio 15
VisualStudioVersion = 15.0.26430.16
MinimumVisualStudioVersion = 10.0.40219.1
Project("{FAE04EC0-301F-11D3-BF4B-00C04F79EFBC}") = "MD.03.Android", "MD.03\MD.03.Android\MD.03.Android.csproj", "{1FF38925-2276-49D2-B001-4740486FD215}"
EndProject
Project("{FAE04EC0-301F-11D3-BF4B-00C04F79EFBC}") = "MD.03.iOS", "MD.03\MD.03.iOS\MD.03.iOS.csproj", "{19FC9A90-0D4D-41F4-9A5E-4E81C766B337}"
EndProject
Project("{FAE04EC0-301F-11D3-BF4B-00C04F79EFBC}") = "MD.03.UWP", "MD.03\MD.03.UWP\MD.03.UWP.csproj", "{DDA23B5D-4231-43DD-BE8B-7735ECB4FB8F}"
EndProject
Project("{FAE04EC0-301F-11D3-BF4B-00C04F79EFBC}") = "MD.03", "MD.03\MD.03\MD.03.csproj", "{FE2E9099-2E8B-4C65-8C62-19D931D1EB7B}"
EndProject
Global
	GlobalSection(SolutionConfigurationPlatforms) = preSolution
		Ad-Hoc|Any CPU = Ad-Hoc|Any CPU
		Ad-Hoc|ARM = Ad-Hoc|ARM
		Ad-Hoc|iPhone = Ad-Hoc|iPhone
		Ad-Hoc|iPhoneSimulator = Ad-Hoc|iPhoneSimulator
		Ad-Hoc|x64 = Ad-Hoc|x64
		Ad-Hoc|x86 = Ad-Hoc|x86
		AppStore|Any CPU = AppStore|Any CPU
		AppStore|ARM = AppStore|ARM
		AppStore|iPhone = AppStore|iPhone
		AppStore|iPhoneSimulator = AppStore|iPhoneSimulator
		AppStore|x64 = AppStore|x64
		AppStore|x86 = AppStore|x86
		Debug|Any CPU = Debug|Any CPU
		Debug|ARM = Debug|ARM
		Debug|iPhone = Debug|iPhone
		Debug|iPhoneSimulator = Debug|iPhoneSimulator
		Debug|x64 = Debug|x64
		Debug|x86 = Debug|x86
		Release|Any CPU = Release|Any CPU
		Release|ARM = Release|ARM
		Release|iPhone = Release|iPhone
		Release|iPhoneSimulator = Release|iPhoneSimulator
		Release|x64 = Release|x64
		Release|x86 = Release|x86
	EndGlobalSection
	GlobalSection(ProjectConfigurationPlatforms) = postSolution
		{1FF38925-2276-49D2-B001-4740486FD215}.Ad-Hoc|Any CPU.ActiveCfg = Release|Any CPU
		{1FF38925-2276-49D2-B001-4740486FD215}.Ad-Hoc|Any CPU.Build.0 = Release|Any CPU
		{1FF38925-2276-49D2-B001-4740486FD215}.Ad-Hoc|Any CPU.Deploy.0 = Release|Any CPU
		{1FF38925-2276-49D2-B001-4740486FD215}.Ad-Hoc|ARM.ActiveCfg = Release|Any CPU
		{1FF38925-2276-49D2-B001-4740486FD215}.Ad-Hoc|ARM.Build.0 = Release|Any CPU
		{1FF38925-2276-49D2-B001-4740486FD215}.Ad-Hoc|ARM.Deploy.0 = Release|Any CPU
		{1FF38925-2276-49D2-B001-4740486FD215}.Ad-Hoc|iPhone.ActiveCfg = Release|Any CPU
		{1FF38925-2276-49D2-B001-4740486FD215}.Ad-Hoc|iPhone.Build.0 = Release|Any CPU
		{1FF38925-2276-49D2-B001-4740486FD215}.Ad-Hoc|iPhone.Deploy.0 = Release|Any CPU
		{1FF38925-2276-49D2-B001-4740486FD215}.Ad-Hoc|iPhoneSimulator.ActiveCfg = Release|Any CPU
		{1FF38925-2276-49D2-B001-4740486FD215}.Ad-Hoc|iPhoneSimulator.Build.0 = Release|Any CPU
		{1FF38925-2276-49D2-B001-4740486FD215}.Ad-Hoc|iPhoneSimulator.Deploy.0 = Release|Any CPU
		{1FF38925-2276-49D2-B001-4740486FD215}.Ad-Hoc|x64.ActiveCfg = Release|Any CPU
		{1FF38925-2276-49D2-B001-4740486FD215}.Ad-Hoc|x64.Build.0 = Release|Any CPU
		{1FF38925-2276-49D2-B001-4740486FD215}.Ad-Hoc|x64.Deploy.0 = Release|Any CPU
		{1FF38925-2276-49D2-B001-4740486FD215}.Ad-Hoc|x86.ActiveCfg = Release|Any CPU
		{1FF38925-2276-49D2-B001-4740486FD215}.Ad-Hoc|x86.Build.0 = Release|Any CPU
		{1FF38925-2276-49D2-B001-4740486FD215}.Ad-Hoc|x86.Deploy.0 = Release|Any CPU
		{1FF38925-2276-49D2-B001-4740486FD215}.AppStore|Any CPU.ActiveCfg = Release|Any CPU
		{1FF38925-2276-49D2-B001-4740486FD215}.AppStore|Any CPU.Build.0 = Release|Any CPU
		{1FF38925-2276-49D2-B001-4740486FD215}.AppStore|Any CPU.Deploy.0 = Release|Any CPU
		{1FF38925-2276-49D2-B001-4740486FD215}.AppStore|ARM.ActiveCfg = Release|Any CPU
		{1FF38925-2276-49D2-B001-4740486FD215}.AppStore|ARM.Build.0 = Release|Any CPU
		{1FF38925-2276-49D2-B001-4740486FD215}.AppStore|ARM.Deploy.0 = Release|Any CPU
		{1FF38925-2276-49D2-B001-4740486FD215}.AppStore|iPhone.ActiveCfg = Release|Any CPU
		{1FF38925-2276-49D2-B001-4740486FD215}.AppStore|iPhone.Build.0 = Release|Any CPU
		{1FF38925-2276-49D2-B001-4740486FD215}.AppStore|iPhone.Deploy.0 = Release|Any CPU
		{1FF38925-2276-49D2-B001-4740486FD215}.AppStore|iPhoneSimulator.ActiveCfg = Release|Any CPU
		{1FF38925-2276-49D2-B001-4740486FD215}.AppStore|iPhoneSimulator.Build.0 = Release|Any CPU
		{1FF38925-2276-49D2-B001-4740486FD215}.AppStore|iPhoneSimulator.Deploy.0 = Release|Any CPU
		{1FF38925-2276-49D2-B001-4740486FD215}.AppStore|x64.ActiveCfg = Release|Any CPU
		{1FF38925-2276-49D2-B001-4740486FD215}.AppStore|x64.Build.0 = Release|Any CPU
		{1FF38925-2276-49D2-B001-4740486FD215}.AppStore|x64.Deploy.0 = Release|Any CPU
		{1FF38925-2276-49D2-B001-4740486FD215}.AppStore|x86.ActiveCfg = Release|Any CPU
		{1FF38925-2276-49D2-B001-4740486FD215}.AppStore|x86.Build.0 = Release|Any CPU
		{1FF38925-2276-49D2-B001-4740486FD215}.AppStore|x86.Deploy.0 = Release|Any CPU
		{1FF38925-2276-49D2-B001-4740486FD215}.Debug|Any CPU.ActiveCfg = Debug|Any CPU
		{1FF38925-2276-49D2-B001-4740486FD215}.Debug|Any CPU.Build.0 = Debug|Any CPU
		{1FF38925-2276-49D2-B001-4740486FD215}.Debug|Any CPU.Deploy.0 = Debug|Any CPU
		{1FF38925-2276-49D2-B001-4740486FD215}.Debug|ARM.ActiveCfg = Debug|Any CPU
		{1FF38925-2276-49D2-B001-4740486FD215}.Debug|ARM.Build.0 = Debug|Any CPU
		{1FF38925-2276-49D2-B001-4740486FD215}.Debug|ARM.Deploy.0 = Debug|Any CPU
		{1FF38925-2276-49D2-B001-4740486FD215}.Debug|iPhone.ActiveCfg = Debug|Any CPU
		{1FF38925-2276-49D2-B001-4740486FD215}.Debug|iPhone.Build.0 = Debug|Any CPU
		{1FF38925-2276-49D2-B001-4740486FD215}.Debug|iPhone.Deploy.0 = Debug|Any CPU
		{1FF38925-2276-49D2-B001-4740486FD215}.Debug|iPhoneSimulator.ActiveCfg = Debug|Any CPU
		{1FF38925-2276-49D2-B001-4740486FD215}.Debug|iPhoneSimulator.Build.0 = Debug|Any CPU
		{1FF38925-2276-49D2-B001-4740486FD215}.Debug|iPhoneSimulator.Deploy.0 = Debug|Any CPU
		{1FF38925-2276-49D2-B001-4740486FD215}.Debug|x64.ActiveCfg = Debug|Any CPU
		{1FF38925-2276-49D2-B001-4740486FD215}.Debug|x64.Build.0 = Debug|Any CPU
		{1FF38925-2276-49D2-B001-4740486FD215}.Debug|x64.Deploy.0 = Debug|Any CPU
		{1FF38925-2276-49D2-B001-4740486FD215}.Debug|x86.ActiveCfg = Debug|Any CPU
		{1FF38925-2276-49D2-B001-4740486FD215}.Debug|x86.Build.0 = Debug|Any CPU
		{1FF38925-2276-49D2-B001-4740486FD215}.Debug|x86.Deploy.0 = Debug|Any CPU
		{1FF38925-2276-49D2-B001-4740486FD215}.Release|Any CPU.ActiveCfg = Release|Any CPU
		{1FF38925-2276-49D2-B001-4740486FD215}.Release|Any CPU.Build.0 = Release|Any CPU
		{1FF38925-2276-49D2-B001-4740486FD215}.Release|Any CPU.Deploy.0 = Release|Any CPU
		{1FF38925-2276-49D2-B001-4740486FD215}.Release|ARM.ActiveCfg = Release|Any CPU
		{1FF38925-2276-49D2-B001-4740486FD215}.Release|ARM.Build.0 = Release|Any CPU
		{1FF38925-2276-49D2-B001-4740486FD215}.Release|ARM.Deploy.0 = Release|Any CPU
		{1FF38925-2276-49D2-B001-4740486FD215}.Release|iPhone.ActiveCfg = Release|Any CPU
		{1FF38925-2276-49D2-B001-4740486FD215}.Release|iPhone.Build.0 = Release|Any CPU
		{1FF38925-2276-49D2-B001-4740486FD215}.Release|iPhone.Deploy.0 = Release|Any CPU
		{1FF38925-2276-49D2-B001-4740486FD215}.Release|iPhoneSimulator.ActiveCfg = Release|Any CPU
		{1FF38925-2276-49D2-B001-4740486FD215}.Release|iPhoneSimulator.Build.0 = Release|Any CPU
		{1FF38925-2276-49D2-B001-4740486FD215}.Release|iPhoneSimulator.Deploy.0 = Release|Any CPU
		{1FF38925-2276-49D2-B001-4740486FD215}.Release|x64.ActiveCfg = Release|Any CPU
		{1FF38925-2276-49D2-B001-4740486FD215}.Release|x64.Build.0 = Release|Any CPU
		{1FF38925-2276-49D2-B001-4740486FD215}.Release|x64.Deploy.0 = Release|Any CPU
		{1FF38925-2276-49D2-B001-4740486FD215}.Release|x86.ActiveCfg = Release|Any CPU
		{1FF38925-2276-49D2-B001-4740486FD215}.Release|x86.Build.0 = Release|Any CPU
		{1FF38925-2276-49D2-B001-4740486FD215}.Release|x86.Deploy.0 = Release|Any CPU
		{19FC9A90-0D4D-41F4-9A5E-4E81C766B337}.Ad-Hoc|Any CPU.ActiveCfg = Ad-Hoc|iPhone
		{19FC9A90-0D4D-41F4-9A5E-4E81C766B337}.Ad-Hoc|ARM.ActiveCfg = Ad-Hoc|iPhone
		{19FC9A90-0D4D-41F4-9A5E-4E81C766B337}.Ad-Hoc|iPhone.ActiveCfg = Ad-Hoc|iPhone
		{19FC9A90-0D4D-41F4-9A5E-4E81C766B337}.Ad-Hoc|iPhone.Build.0 = Ad-Hoc|iPhone
		{19FC9A90-0D4D-41F4-9A5E-4E81C766B337}.Ad-Hoc|iPhoneSimulator.ActiveCfg = Ad-Hoc|iPhoneSimulator
		{19FC9A90-0D4D-41F4-9A5E-4E81C766B337}.Ad-Hoc|iPhoneSimulator.Build.0 = Ad-Hoc|iPhoneSimulator
		{19FC9A90-0D4D-41F4-9A5E-4E81C766B337}.Ad-Hoc|x64.ActiveCfg = Ad-Hoc|iPhone
		{19FC9A90-0D4D-41F4-9A5E-4E81C766B337}.Ad-Hoc|x86.ActiveCfg = Ad-Hoc|iPhone
		{19FC9A90-0D4D-41F4-9A5E-4E81C766B337}.AppStore|Any CPU.ActiveCfg = AppStore|iPhone
		{19FC9A90-0D4D-41F4-9A5E-4E81C766B337}.AppStore|ARM.ActiveCfg = AppStore|iPhone
		{19FC9A90-0D4D-41F4-9A5E-4E81C766B337}.AppStore|iPhone.ActiveCfg = AppStore|iPhone
		{19FC9A90-0D4D-41F4-9A5E-4E81C766B337}.AppStore|iPhone.Build.0 = AppStore|iPhone
		{19FC9A90-0D4D-41F4-9A5E-4E81C766B337}.AppStore|iPhoneSimulator.ActiveCfg = AppStore|iPhoneSimulator
		{19FC9A90-0D4D-41F4-9A5E-4E81C766B337}.AppStore|iPhoneSimulator.Build.0 = AppStore|iPhoneSimulator
		{19FC9A90-0D4D-41F4-9A5E-4E81C766B337}.AppStore|x64.ActiveCfg = AppStore|iPhone
		{19FC9A90-0D4D-41F4-9A5E-4E81C766B337}.AppStore|x86.ActiveCfg = AppStore|iPhone
		{19FC9A90-0D4D-41F4-9A5E-4E81C766B337}.Debug|Any CPU.ActiveCfg = Debug|iPhone
		{19FC9A90-0D4D-41F4-9A5E-4E81C766B337}.Debug|ARM.ActiveCfg = Debug|iPhone
		{19FC9A90-0D4D-41F4-9A5E-4E81C766B337}.Debug|iPhone.ActiveCfg = Debug|iPhone
		{19FC9A90-0D4D-41F4-9A5E-4E81C766B337}.Debug|iPhone.Build.0 = Debug|iPhone
		{19FC9A90-0D4D-41F4-9A5E-4E81C766B337}.Debug|iPhoneSimulator.ActiveCfg = Debug|iPhoneSimulator
		{19FC9A90-0D4D-41F4-9A5E-4E81C766B337}.Debug|iPhoneSimulator.Build.0 = Debug|iPhoneSimulator
		{19FC9A90-0D4D-41F4-9A5E-4E81C766B337}.Debug|x64.ActiveCfg = Debug|iPhone
		{19FC9A90-0D4D-41F4-9A5E-4E81C766B337}.Debug|x86.ActiveCfg = Debug|iPhone
		{19FC9A90-0D4D-41F4-9A5E-4E81C766B337}.Release|Any CPU.ActiveCfg = Release|iPhone
		{19FC9A90-0D4D-41F4-9A5E-4E81C766B337}.Release|ARM.ActiveCfg = Release|iPhone
		{19FC9A90-0D4D-41F4-9A5E-4E81C766B337}.Release|iPhone.ActiveCfg = Release|iPhone
		{19FC9A90-0D4D-41F4-9A5E-4E81C766B337}.Release|iPhone.Build.0 = Release|iPhone
		{19FC9A90-0D4D-41F4-9A5E-4E81C766B337}.Release|iPhoneSimulator.ActiveCfg = Release|iPhoneSimulator
		{19FC9A90-0D4D-41F4-9A5E-4E81C766B337}.Release|iPhoneSimulator.Build.0 = Release|iPhoneSimulator
		{19FC9A90-0D4D-41F4-9A5E-4E81C766B337}.Release|x64.ActiveCfg = Release|iPhone
		{19FC9A90-0D4D-41F4-9A5E-4E81C766B337}.Release|x86.ActiveCfg = Release|iPhone
		{DDA23B5D-4231-43DD-BE8B-7735ECB4FB8F}.Ad-Hoc|Any CPU.ActiveCfg = Release|x86
		{DDA23B5D-4231-43DD-BE8B-7735ECB4FB8F}.Ad-Hoc|Any CPU.Build.0 = Release|x86
		{DDA23B5D-4231-43DD-BE8B-7735ECB4FB8F}.Ad-Hoc|Any CPU.Deploy.0 = Release|x86
		{DDA23B5D-4231-43DD-BE8B-7735ECB4FB8F}.Ad-Hoc|ARM.ActiveCfg = Release|ARM
		{DDA23B5D-4231-43DD-BE8B-7735ECB4FB8F}.Ad-Hoc|ARM.Build.0 = Release|ARM
		{DDA23B5D-4231-43DD-BE8B-7735ECB4FB8F}.Ad-Hoc|ARM.Deploy.0 = Release|ARM
		{DDA23B5D-4231-43DD-BE8B-7735ECB4FB8F}.Ad-Hoc|iPhone.ActiveCfg = Release|x86
		{DDA23B5D-4231-43DD-BE8B-7735ECB4FB8F}.Ad-Hoc|iPhone.Build.0 = Release|x86
		{DDA23B5D-4231-43DD-BE8B-7735ECB4FB8F}.Ad-Hoc|iPhone.Deploy.0 = Release|x86
		{DDA23B5D-4231-43DD-BE8B-7735ECB4FB8F}.Ad-Hoc|iPhoneSimulator.ActiveCfg = Release|x86
		{DDA23B5D-4231-43DD-BE8B-7735ECB4FB8F}.Ad-Hoc|iPhoneSimulator.Build.0 = Release|x86
		{DDA23B5D-4231-43DD-BE8B-7735ECB4FB8F}.Ad-Hoc|iPhoneSimulator.Deploy.0 = Release|x86
		{DDA23B5D-4231-43DD-BE8B-7735ECB4FB8F}.Ad-Hoc|x64.ActiveCfg = Release|x64
		{DDA23B5D-4231-43DD-BE8B-7735ECB4FB8F}.Ad-Hoc|x64.Build.0 = Release|x64
		{DDA23B5D-4231-43DD-BE8B-7735ECB4FB8F}.Ad-Hoc|x64.Deploy.0 = Release|x64
		{DDA23B5D-4231-43DD-BE8B-7735ECB4FB8F}.Ad-Hoc|x86.ActiveCfg = Release|x86
		{DDA23B5D-4231-43DD-BE8B-7735ECB4FB8F}.Ad-Hoc|x86.Build.0 = Release|x86
		{DDA23B5D-4231-43DD-BE8B-7735ECB4FB8F}.Ad-Hoc|x86.Deploy.0 = Release|x86
		{DDA23B5D-4231-43DD-BE8B-7735ECB4FB8F}.AppStore|Any CPU.ActiveCfg = Release|x86
		{DDA23B5D-4231-43DD-BE8B-7735ECB4FB8F}.AppStore|Any CPU.Build.0 = Release|x86
		{DDA23B5D-4231-43DD-BE8B-7735ECB4FB8F}.AppStore|Any CPU.Deploy.0 = Release|x86
		{DDA23B5D-4231-43DD-BE8B-7735ECB4FB8F}.AppStore|ARM.ActiveCfg = Release|ARM
		{DDA23B5D-4231-43DD-BE8B-7735ECB4FB8F}.AppStore|ARM.Build.0 = Release|ARM
		{DDA23B5D-4231-43DD-BE8B-7735ECB4FB8F}.AppStore|ARM.Deploy.0 = Release|ARM
		{DDA23B5D-4231-43DD-BE8B-7735ECB4FB8F}.AppStore|iPhone.ActiveCfg = Release|x86
		{DDA23B5D-4231-43DD-BE8B-7735ECB4FB8F}.AppStore|iPhone.Build.0 = Release|x86
		{DDA23B5D-4231-43DD-BE8B-7735ECB4FB8F}.AppStore|iPhone.Deploy.0 = Release|x86
		{DDA23B5D-4231-43DD-BE8B-7735ECB4FB8F}.AppStore|iPhoneSimulator.ActiveCfg = Release|x86
		{DDA23B5D-4231-43DD-BE8B-7735ECB4FB8F}.AppStore|iPhoneSimulator.Build.0 = Release|x86
		{DDA23B5D-4231-43DD-BE8B-7735ECB4FB8F}.AppStore|iPhoneSimulator.Deploy.0 = Release|x86
		{DDA23B5D-4231-43DD-BE8B-7735ECB4FB8F}.AppStore|x64.ActiveCfg = Release|x64
		{DDA23B5D-4231-43DD-BE8B-7735ECB4FB8F}.AppStore|x64.Build.0 = Release|x64
		{DDA23B5D-4231-43DD-BE8B-7735ECB4FB8F}.AppStore|x64.Deploy.0 = Release|x64
		{DDA23B5D-4231-43DD-BE8B-7735ECB4FB8F}.AppStore|x86.ActiveCfg = Release|x86
		{DDA23B5D-4231-43DD-BE8B-7735ECB4FB8F}.AppStore|x86.Build.0 = Release|x86
		{DDA23B5D-4231-43DD-BE8B-7735ECB4FB8F}.AppStore|x86.Deploy.0 = Release|x86
		{DDA23B5D-4231-43DD-BE8B-7735ECB4FB8F}.Debug|Any CPU.ActiveCfg = Debug|x86
		{DDA23B5D-4231-43DD-BE8B-7735ECB4FB8F}.Debug|ARM.ActiveCfg = Debug|ARM
		{DDA23B5D-4231-43DD-BE8B-7735ECB4FB8F}.Debug|ARM.Build.0 = Debug|ARM
		{DDA23B5D-4231-43DD-BE8B-7735ECB4FB8F}.Debug|ARM.Deploy.0 = Debug|ARM
		{DDA23B5D-4231-43DD-BE8B-7735ECB4FB8F}.Debug|iPhone.ActiveCfg = Debug|x86
		{DDA23B5D-4231-43DD-BE8B-7735ECB4FB8F}.Debug|iPhoneSimulator.ActiveCfg = Debug|x86
		{DDA23B5D-4231-43DD-BE8B-7735ECB4FB8F}.Debug|x64.ActiveCfg = Debug|x64
		{DDA23B5D-4231-43DD-BE8B-7735ECB4FB8F}.Debug|x64.Build.0 = Debug|x64
		{DDA23B5D-4231-43DD-BE8B-7735ECB4FB8F}.Debug|x64.Deploy.0 = Debug|x64
		{DDA23B5D-4231-43DD-BE8B-7735ECB4FB8F}.Debug|x86.ActiveCfg = Debug|x86
		{DDA23B5D-4231-43DD-BE8B-7735ECB4FB8F}.Debug|x86.Build.0 = Debug|x86
		{DDA23B5D-4231-43DD-BE8B-7735ECB4FB8F}.Debug|x86.Deploy.0 = Debug|x86
		{DDA23B5D-4231-43DD-BE8B-7735ECB4FB8F}.Release|Any CPU.ActiveCfg = Release|x86
		{DDA23B5D-4231-43DD-BE8B-7735ECB4FB8F}.Release|ARM.ActiveCfg = Release|ARM
		{DDA23B5D-4231-43DD-BE8B-7735ECB4FB8F}.Release|ARM.Build.0 = Release|ARM
		{DDA23B5D-4231-43DD-BE8B-7735ECB4FB8F}.Release|ARM.Deploy.0 = Release|ARM
		{DDA23B5D-4231-43DD-BE8B-7735ECB4FB8F}.Release|iPhone.ActiveCfg = Release|x86
		{DDA23B5D-4231-43DD-BE8B-7735ECB4FB8F}.Release|iPhoneSimulator.ActiveCfg = Release|x86
		{DDA23B5D-4231-43DD-BE8B-7735ECB4FB8F}.Release|x64.ActiveCfg = Release|x64
		{DDA23B5D-4231-43DD-BE8B-7735ECB4FB8F}.Release|x64.Build.0 = Release|x64
		{DDA23B5D-4231-43DD-BE8B-7735ECB4FB8F}.Release|x64.Deploy.0 = Release|x64
		{DDA23B5D-4231-43DD-BE8B-7735ECB4FB8F}.Release|x86.ActiveCfg = Release|x86
		{DDA23B5D-4231-43DD-BE8B-7735ECB4FB8F}.Release|x86.Build.0 = Release|x86
		{DDA23B5D-4231-43DD-BE8B-7735ECB4FB8F}.Release|x86.Deploy.0 = Release|x86
		{FE2E9099-2E8B-4C65-8C62-19D931D1EB7B}.Ad-Hoc|Any CPU.ActiveCfg = Debug|Any CPU
		{FE2E9099-2E8B-4C65-8C62-19D931D1EB7B}.Ad-Hoc|Any CPU.Build.0 = Debug|Any CPU
		{FE2E9099-2E8B-4C65-8C62-19D931D1EB7B}.Ad-Hoc|ARM.ActiveCfg = Debug|Any CPU
		{FE2E9099-2E8B-4C65-8C62-19D931D1EB7B}.Ad-Hoc|ARM.Build.0 = Debug|Any CPU
		{FE2E9099-2E8B-4C65-8C62-19D931D1EB7B}.Ad-Hoc|iPhone.ActiveCfg = Debug|Any CPU
		{FE2E9099-2E8B-4C65-8C62-19D931D1EB7B}.Ad-Hoc|iPhone.Build.0 = Debug|Any CPU
		{FE2E9099-2E8B-4C65-8C62-19D931D1EB7B}.Ad-Hoc|iPhoneSimulator.ActiveCfg = Debug|Any CPU
		{FE2E9099-2E8B-4C65-8C62-19D931D1EB7B}.Ad-Hoc|iPhoneSimulator.Build.0 = Debug|Any CPU
		{FE2E9099-2E8B-4C65-8C62-19D931D1EB7B}.Ad-Hoc|x64.ActiveCfg = Debug|Any CPU
		{FE2E9099-2E8B-4C65-8C62-19D931D1EB7B}.Ad-Hoc|x64.Build.0 = Debug|Any CPU
		{FE2E9099-2E8B-4C65-8C62-19D931D1EB7B}.Ad-Hoc|x86.ActiveCfg = Debug|Any CPU
		{FE2E9099-2E8B-4C65-8C62-19D931D1EB7B}.Ad-Hoc|x86.Build.0 = Debug|Any CPU
		{FE2E9099-2E8B-4C65-8C62-19D931D1EB7B}.AppStore|Any CPU.ActiveCfg = Debug|Any CPU
		{FE2E9099-2E8B-4C65-8C62-19D931D1EB7B}.AppStore|Any CPU.Build.0 = Debug|Any CPU
		{FE2E9099-2E8B-4C65-8C62-19D931D1EB7B}.AppStore|ARM.ActiveCfg = Debug|Any CPU
		{FE2E9099-2E8B-4C65-8C62-19D931D1EB7B}.AppStore|ARM.Build.0 = Debug|Any CPU
		{FE2E9099-2E8B-4C65-8C62-19D931D1EB7B}.AppStore|iPhone.ActiveCfg = Debug|Any CPU
		{FE2E9099-2E8B-4C65-8C62-19D931D1EB7B}.AppStore|iPhone.Build.0 = Debug|Any CPU
		{FE2E9099-2E8B-4C65-8C62-19D931D1EB7B}.AppStore|iPhoneSimulator.ActiveCfg = Debug|Any CPU
		{FE2E9099-2E8B-4C65-8C62-19D931D1EB7B}.AppStore|iPhoneSimulator.Build.0 = Debug|Any CPU
		{FE2E9099-2E8B-4C65-8C62-19D931D1EB7B}.AppStore|x64.ActiveCfg = Debug|Any CPU
		{FE2E9099-2E8B-4C65-8C62-19D931D1EB7B}.AppStore|x64.Build.0 = Debug|Any CPU
		{FE2E9099-2E8B-4C65-8C62-19D931D1EB7B}.AppStore|x86.ActiveCfg = Debug|Any CPU
		{FE2E9099-2E8B-4C65-8C62-19D931D1EB7B}.AppStore|x86.Build.0 = Debug|Any CPU
		{FE2E9099-2E8B-4C65-8C62-19D931D1EB7B}.Debug|Any CPU.ActiveCfg = Debug|Any CPU
		{FE2E9099-2E8B-4C65-8C62-19D931D1EB7B}.Debug|Any CPU.Build.0 = Debug|Any CPU
		{FE2E9099-2E8B-4C65-8C62-19D931D1EB7B}.Debug|ARM.ActiveCfg = Debug|Any CPU
		{FE2E9099-2E8B-4C65-8C62-19D931D1EB7B}.Debug|ARM.Build.0 = Debug|Any CPU
		{FE2E9099-2E8B-4C65-8C62-19D931D1EB7B}.Debug|iPhone.ActiveCfg = Debug|Any CPU
		{FE2E9099-2E8B-4C65-8C62-19D931D1EB7B}.Debug|iPhone.Build.0 = Debug|Any CPU
		{FE2E9099-2E8B-4C65-8C62-19D931D1EB7B}.Debug|iPhoneSimulator.ActiveCfg = Debug|Any CPU
		{FE2E9099-2E8B-4C65-8C62-19D931D1EB7B}.Debug|iPhoneSimulator.Build.0 = Debug|Any CPU
		{FE2E9099-2E8B-4C65-8C62-19D931D1EB7B}.Debug|x64.ActiveCfg = Debug|Any CPU
		{FE2E9099-2E8B-4C65-8C62-19D931D1EB7B}.Debug|x64.Build.0 = Debug|Any CPU
		{FE2E9099-2E8B-4C65-8C62-19D931D1EB7B}.Debug|x86.ActiveCfg = Debug|Any CPU
		{FE2E9099-2E8B-4C65-8C62-19D931D1EB7B}.Debug|x86.Build.0 = Debug|Any CPU
		{FE2E9099-2E8B-4C65-8C62-19D931D1EB7B}.Release|Any CPU.ActiveCfg = Release|Any CPU
		{FE2E9099-2E8B-4C65-8C62-19D931D1EB7B}.Release|Any CPU.Build.0 = Release|Any CPU
		{FE2E9099-2E8B-4C65-8C62-19D931D1EB7B}.Release|ARM.ActiveCfg = Release|Any CPU
		{FE2E9099-2E8B-4C65-8C62-19D931D1EB7B}.Release|ARM.Build.0 = Release|Any CPU
		{FE2E9099-2E8B-4C65-8C62-19D931D1EB7B}.Release|iPhone.ActiveCfg = Release|Any CPU
		{FE2E9099-2E8B-4C65-8C62-19D931D1EB7B}.Release|iPhone.Build.0 = Release|Any CPU
		{FE2E9099-2E8B-4C65-8C62-19D931D1EB7B}.Release|iPhoneSimulator.ActiveCfg = Release|Any CPU
		{FE2E9099-2E8B-4C65-8C62-19D931D1EB7B}.Release|iPhoneSimulator.Build.0 = Release|Any CPU
		{FE2E9099-2E8B-4C65-8C62-19D931D1EB7B}.Release|x64.ActiveCfg = Release|Any CPU
		{FE2E9099-2E8B-4C65-8C62-19D931D1EB7B}.Release|x64.Build.0 = Release|Any CPU
		{FE2E9099-2E8B-4C65-8C62-19D931D1EB7B}.Release|x86.ActiveCfg = Release|Any CPU
		{FE2E9099-2E8B-4C65-8C62-19D931D1EB7B}.Release|x86.Build.0 = Release|Any CPU
	EndGlobalSection
	GlobalSection(SolutionProperties) = preSolution
		HideSolutionNode = FALSE
	EndGlobalSection
	GlobalSection(ExtensibilityGlobals) = postSolution
		SolutionGuid = {2FB777C1-17B3-4BA5-844F-9D2810DF4CEE}
	EndGlobalSection
EndGlobal
