
Microsoft Visual Studio Solution File, Format Version 12.00
# Visual Studio 15
VisualStudioVersion = 15.0.26430.16
MinimumVisualStudioVersion = 10.0.40219.1
Project("{FAE04EC0-301F-11D3-BF4B-00C04F79EFBC}") = "MD.04.Android", "MD.04\MD.04.Android\MD.04.Android.csproj", "{6943FBFB-7348-409E-BCC9-EA83B178234B}"
EndProject
Project("{FAE04EC0-301F-11D3-BF4B-00C04F79EFBC}") = "MD.04.iOS", "MD.04\MD.04.iOS\MD.04.iOS.csproj", "{741FC832-B6DB-4513-8189-D9964C9E1401}"
EndProject
Project("{FAE04EC0-301F-11D3-BF4B-00C04F79EFBC}") = "MD.04.UWP", "MD.04\MD.04.UWP\MD.04.UWP.csproj", "{525B01DC-767F-4B19-9FE3-5E104EB3B5CB}"
EndProject
Project("{9A19103F-16F7-4668-BE54-9A1E7A4F7556}") = "MD.04", "MD.04\MD.04\MD.04.csproj", "{2FBE1CA5-F3C5-4F0F-B643-CE585CA3B0DF}"
EndProject
Global
	GlobalSection(SolutionConfigurationPlatforms) = preSolution
		Ad-Hoc|Any CPU = Ad-Hoc|Any CPU
		Ad-Hoc|ARM = Ad-Hoc|ARM
		Ad-Hoc|iPhone = Ad-Hoc|iPhone
		Ad-Hoc|iPhoneSimulator = Ad-Hoc|iPhoneSimulator
		Ad-Hoc|x64 = Ad-Hoc|x64
		Ad-Hoc|x86 = Ad-Hoc|x86
		AppStore|Any CPU = AppStore|Any CPU
		AppStore|ARM = AppStore|ARM
		AppStore|iPhone = AppStore|iPhone
		AppStore|iPhoneSimulator = AppStore|iPhoneSimulator
		AppStore|x64 = AppStore|x64
		AppStore|x86 = AppStore|x86
		Debug|Any CPU = Debug|Any CPU
		Debug|ARM = Debug|ARM
		Debug|iPhone = Debug|iPhone
		Debug|iPhoneSimulator = Debug|iPhoneSimulator
		Debug|x64 = Debug|x64
		Debug|x86 = Debug|x86
		Release|Any CPU = Release|Any CPU
		Release|ARM = Release|ARM
		Release|iPhone = Release|iPhone
		Release|iPhoneSimulator = Release|iPhoneSimulator
		Release|x64 = Release|x64
		Release|x86 = Release|x86
	EndGlobalSection
	GlobalSection(ProjectConfigurationPlatforms) = postSolution
		{6943FBFB-7348-409E-BCC9-EA83B178234B}.Ad-Hoc|Any CPU.ActiveCfg = Release|Any CPU
		{6943FBFB-7348-409E-BCC9-EA83B178234B}.Ad-Hoc|Any CPU.Build.0 = Release|Any CPU
		{6943FBFB-7348-409E-BCC9-EA83B178234B}.Ad-Hoc|Any CPU.Deploy.0 = Release|Any CPU
		{6943FBFB-7348-409E-BCC9-EA83B178234B}.Ad-Hoc|ARM.ActiveCfg = Release|Any CPU
		{6943FBFB-7348-409E-BCC9-EA83B178234B}.Ad-Hoc|ARM.Build.0 = Release|Any CPU
		{6943FBFB-7348-409E-BCC9-EA83B178234B}.Ad-Hoc|ARM.Deploy.0 = Release|Any CPU
		{6943FBFB-7348-409E-BCC9-EA83B178234B}.Ad-Hoc|iPhone.ActiveCfg = Release|Any CPU
		{6943FBFB-7348-409E-BCC9-EA83B178234B}.Ad-Hoc|iPhone.Build.0 = Release|Any CPU
		{6943FBFB-7348-409E-BCC9-EA83B178234B}.Ad-Hoc|iPhone.Deploy.0 = Release|Any CPU
		{6943FBFB-7348-409E-BCC9-EA83B178234B}.Ad-Hoc|iPhoneSimulator.ActiveCfg = Release|Any CPU
		{6943FBFB-7348-409E-BCC9-EA83B178234B}.Ad-Hoc|iPhoneSimulator.Build.0 = Release|Any CPU
		{6943FBFB-7348-409E-BCC9-EA83B178234B}.Ad-Hoc|iPhoneSimulator.Deploy.0 = Release|Any CPU
		{6943FBFB-7348-409E-BCC9-EA83B178234B}.Ad-Hoc|x64.ActiveCfg = Release|Any CPU
		{6943FBFB-7348-409E-BCC9-EA83B178234B}.Ad-Hoc|x64.Build.0 = Release|Any CPU
		{6943FBFB-7348-409E-BCC9-EA83B178234B}.Ad-Hoc|x64.Deploy.0 = Release|Any CPU
		{6943FBFB-7348-409E-BCC9-EA83B178234B}.Ad-Hoc|x86.ActiveCfg = Release|Any CPU
		{6943FBFB-7348-409E-BCC9-EA83B178234B}.Ad-Hoc|x86.Build.0 = Release|Any CPU
		{6943FBFB-7348-409E-BCC9-EA83B178234B}.Ad-Hoc|x86.Deploy.0 = Release|Any CPU
		{6943FBFB-7348-409E-BCC9-EA83B178234B}.AppStore|Any CPU.ActiveCfg = Release|Any CPU
		{6943FBFB-7348-409E-BCC9-EA83B178234B}.AppStore|Any CPU.Build.0 = Release|Any CPU
		{6943FBFB-7348-409E-BCC9-EA83B178234B}.AppStore|Any CPU.Deploy.0 = Release|Any CPU
		{6943FBFB-7348-409E-BCC9-EA83B178234B}.AppStore|ARM.ActiveCfg = Release|Any CPU
		{6943FBFB-7348-409E-BCC9-EA83B178234B}.AppStore|ARM.Build.0 = Release|Any CPU
		{6943FBFB-7348-409E-BCC9-EA83B178234B}.AppStore|ARM.Deploy.0 = Release|Any CPU
		{6943FBFB-7348-409E-BCC9-EA83B178234B}.AppStore|iPhone.ActiveCfg = Release|Any CPU
		{6943FBFB-7348-409E-BCC9-EA83B178234B}.AppStore|iPhone.Build.0 = Release|Any CPU
		{6943FBFB-7348-409E-BCC9-EA83B178234B}.AppStore|iPhone.Deploy.0 = Release|Any CPU
		{6943FBFB-7348-409E-BCC9-EA83B178234B}.AppStore|iPhoneSimulator.ActiveCfg = Release|Any CPU
		{6943FBFB-7348-409E-BCC9-EA83B178234B}.AppStore|iPhoneSimulator.Build.0 = Release|Any CPU
		{6943FBFB-7348-409E-BCC9-EA83B178234B}.AppStore|iPhoneSimulator.Deploy.0 = Release|Any CPU
		{6943FBFB-7348-409E-BCC9-EA83B178234B}.AppStore|x64.ActiveCfg = Release|Any CPU
		{6943FBFB-7348-409E-BCC9-EA83B178234B}.AppStore|x64.Build.0 = Release|Any CPU
		{6943FBFB-7348-409E-BCC9-EA83B178234B}.AppStore|x64.Deploy.0 = Release|Any CPU
		{6943FBFB-7348-409E-BCC9-EA83B178234B}.AppStore|x86.ActiveCfg = Release|Any CPU
		{6943FBFB-7348-409E-BCC9-EA83B178234B}.AppStore|x86.Build.0 = Release|Any CPU
		{6943FBFB-7348-409E-BCC9-EA83B178234B}.AppStore|x86.Deploy.0 = Release|Any CPU
		{6943FBFB-7348-409E-BCC9-EA83B178234B}.Debug|Any CPU.ActiveCfg = Debug|Any CPU
		{6943FBFB-7348-409E-BCC9-EA83B178234B}.Debug|Any CPU.Build.0 = Debug|Any CPU
		{6943FBFB-7348-409E-BCC9-EA83B178234B}.Debug|Any CPU.Deploy.0 = Debug|Any CPU
		{6943FBFB-7348-409E-BCC9-EA83B178234B}.Debug|ARM.ActiveCfg = Debug|Any CPU
		{6943FBFB-7348-409E-BCC9-EA83B178234B}.Debug|ARM.Build.0 = Debug|Any CPU
		{6943FBFB-7348-409E-BCC9-EA83B178234B}.Debug|ARM.Deploy.0 = Debug|Any CPU
		{6943FBFB-7348-409E-BCC9-EA83B178234B}.Debug|iPhone.ActiveCfg = Debug|Any CPU
		{6943FBFB-7348-409E-BCC9-EA83B178234B}.Debug|iPhone.Build.0 = Debug|Any CPU
		{6943FBFB-7348-409E-BCC9-EA83B178234B}.Debug|iPhone.Deploy.0 = Debug|Any CPU
		{6943FBFB-7348-409E-BCC9-EA83B178234B}.Debug|iPhoneSimulator.ActiveCfg = Debug|Any CPU
		{6943FBFB-7348-409E-BCC9-EA83B178234B}.Debug|iPhoneSimulator.Build.0 = Debug|Any CPU
		{6943FBFB-7348-409E-BCC9-EA83B178234B}.Debug|iPhoneSimulator.Deploy.0 = Debug|Any CPU
		{6943FBFB-7348-409E-BCC9-EA83B178234B}.Debug|x64.ActiveCfg = Debug|Any CPU
		{6943FBFB-7348-409E-BCC9-EA83B178234B}.Debug|x64.Build.0 = Debug|Any CPU
		{6943FBFB-7348-409E-BCC9-EA83B178234B}.Debug|x64.Deploy.0 = Debug|Any CPU
		{6943FBFB-7348-409E-BCC9-EA83B178234B}.Debug|x86.ActiveCfg = Debug|Any CPU
		{6943FBFB-7348-409E-BCC9-EA83B178234B}.Debug|x86.Build.0 = Debug|Any CPU
		{6943FBFB-7348-409E-BCC9-EA83B178234B}.Debug|x86.Deploy.0 = Debug|Any CPU
		{6943FBFB-7348-409E-BCC9-EA83B178234B}.Release|Any CPU.ActiveCfg = Release|Any CPU
		{6943FBFB-7348-409E-BCC9-EA83B178234B}.Release|Any CPU.Build.0 = Release|Any CPU
		{6943FBFB-7348-409E-BCC9-EA83B178234B}.Release|Any CPU.Deploy.0 = Release|Any CPU
		{6943FBFB-7348-409E-BCC9-EA83B178234B}.Release|ARM.ActiveCfg = Release|Any CPU
		{6943FBFB-7348-409E-BCC9-EA83B178234B}.Release|ARM.Build.0 = Release|Any CPU
		{6943FBFB-7348-409E-BCC9-EA83B178234B}.Release|ARM.Deploy.0 = Release|Any CPU
		{6943FBFB-7348-409E-BCC9-EA83B178234B}.Release|iPhone.ActiveCfg = Release|Any CPU
		{6943FBFB-7348-409E-BCC9-EA83B178234B}.Release|iPhone.Build.0 = Release|Any CPU
		{6943FBFB-7348-409E-BCC9-EA83B178234B}.Release|iPhone.Deploy.0 = Release|Any CPU
		{6943FBFB-7348-409E-BCC9-EA83B178234B}.Release|iPhoneSimulator.ActiveCfg = Release|Any CPU
		{6943FBFB-7348-409E-BCC9-EA83B178234B}.Release|iPhoneSimulator.Build.0 = Release|Any CPU
		{6943FBFB-7348-409E-BCC9-EA83B178234B}.Release|iPhoneSimulator.Deploy.0 = Release|Any CPU
		{6943FBFB-7348-409E-BCC9-EA83B178234B}.Release|x64.ActiveCfg = Release|Any CPU
		{6943FBFB-7348-409E-BCC9-EA83B178234B}.Release|x64.Build.0 = Release|Any CPU
		{6943FBFB-7348-409E-BCC9-EA83B178234B}.Release|x64.Deploy.0 = Release|Any CPU
		{6943FBFB-7348-409E-BCC9-EA83B178234B}.Release|x86.ActiveCfg = Release|Any CPU
		{6943FBFB-7348-409E-BCC9-EA83B178234B}.Release|x86.Build.0 = Release|Any CPU
		{6943FBFB-7348-409E-BCC9-EA83B178234B}.Release|x86.Deploy.0 = Release|Any CPU
		{741FC832-B6DB-4513-8189-D9964C9E1401}.Ad-Hoc|Any CPU.ActiveCfg = Ad-Hoc|iPhone
		{741FC832-B6DB-4513-8189-D9964C9E1401}.Ad-Hoc|ARM.ActiveCfg = Ad-Hoc|iPhone
		{741FC832-B6DB-4513-8189-D9964C9E1401}.Ad-Hoc|iPhone.ActiveCfg = Ad-Hoc|iPhone
		{741FC832-B6DB-4513-8189-D9964C9E1401}.Ad-Hoc|iPhone.Build.0 = Ad-Hoc|iPhone
		{741FC832-B6DB-4513-8189-D9964C9E1401}.Ad-Hoc|iPhoneSimulator.ActiveCfg = Ad-Hoc|iPhoneSimulator
		{741FC832-B6DB-4513-8189-D9964C9E1401}.Ad-Hoc|iPhoneSimulator.Build.0 = Ad-Hoc|iPhoneSimulator
		{741FC832-B6DB-4513-8189-D9964C9E1401}.Ad-Hoc|x64.ActiveCfg = Ad-Hoc|iPhone
		{741FC832-B6DB-4513-8189-D9964C9E1401}.Ad-Hoc|x86.ActiveCfg = Ad-Hoc|iPhone
		{741FC832-B6DB-4513-8189-D9964C9E1401}.AppStore|Any CPU.ActiveCfg = AppStore|iPhone
		{741FC832-B6DB-4513-8189-D9964C9E1401}.AppStore|ARM.ActiveCfg = AppStore|iPhone
		{741FC832-B6DB-4513-8189-D9964C9E1401}.AppStore|iPhone.ActiveCfg = AppStore|iPhone
		{741FC832-B6DB-4513-8189-D9964C9E1401}.AppStore|iPhone.Build.0 = AppStore|iPhone
		{741FC832-B6DB-4513-8189-D9964C9E1401}.AppStore|iPhoneSimulator.ActiveCfg = AppStore|iPhoneSimulator
		{741FC832-B6DB-4513-8189-D9964C9E1401}.AppStore|iPhoneSimulator.Build.0 = AppStore|iPhoneSimulator
		{741FC832-B6DB-4513-8189-D9964C9E1401}.AppStore|x64.ActiveCfg = AppStore|iPhone
		{741FC832-B6DB-4513-8189-D9964C9E1401}.AppStore|x86.ActiveCfg = AppStore|iPhone
		{741FC832-B6DB-4513-8189-D9964C9E1401}.Debug|Any CPU.ActiveCfg = Debug|iPhone
		{741FC832-B6DB-4513-8189-D9964C9E1401}.Debug|ARM.ActiveCfg = Debug|iPhone
		{741FC832-B6DB-4513-8189-D9964C9E1401}.Debug|iPhone.ActiveCfg = Debug|iPhone
		{741FC832-B6DB-4513-8189-D9964C9E1401}.Debug|iPhone.Build.0 = Debug|iPhone
		{741FC832-B6DB-4513-8189-D9964C9E1401}.Debug|iPhoneSimulator.ActiveCfg = Debug|iPhoneSimulator
		{741FC832-B6DB-4513-8189-D9964C9E1401}.Debug|iPhoneSimulator.Build.0 = Debug|iPhoneSimulator
		{741FC832-B6DB-4513-8189-D9964C9E1401}.Debug|x64.ActiveCfg = Debug|iPhone
		{741FC832-B6DB-4513-8189-D9964C9E1401}.Debug|x86.ActiveCfg = Debug|iPhone
		{741FC832-B6DB-4513-8189-D9964C9E1401}.Release|Any CPU.ActiveCfg = Release|iPhone
		{741FC832-B6DB-4513-8189-D9964C9E1401}.Release|ARM.ActiveCfg = Release|iPhone
		{741FC832-B6DB-4513-8189-D9964C9E1401}.Release|iPhone.ActiveCfg = Release|iPhone
		{741FC832-B6DB-4513-8189-D9964C9E1401}.Release|iPhone.Build.0 = Release|iPhone
		{741FC832-B6DB-4513-8189-D9964C9E1401}.Release|iPhoneSimulator.ActiveCfg = Release|iPhoneSimulator
		{741FC832-B6DB-4513-8189-D9964C9E1401}.Release|iPhoneSimulator.Build.0 = Release|iPhoneSimulator
		{741FC832-B6DB-4513-8189-D9964C9E1401}.Release|x64.ActiveCfg = Release|iPhone
		{741FC832-B6DB-4513-8189-D9964C9E1401}.Release|x86.ActiveCfg = Release|iPhone
		{525B01DC-767F-4B19-9FE3-5E104EB3B5CB}.Ad-Hoc|Any CPU.ActiveCfg = Release|x86
		{525B01DC-767F-4B19-9FE3-5E104EB3B5CB}.Ad-Hoc|Any CPU.Build.0 = Release|x86
		{525B01DC-767F-4B19-9FE3-5E104EB3B5CB}.Ad-Hoc|Any CPU.Deploy.0 = Release|x86
		{525B01DC-767F-4B19-9FE3-5E104EB3B5CB}.Ad-Hoc|ARM.ActiveCfg = Release|ARM
		{525B01DC-767F-4B19-9FE3-5E104EB3B5CB}.Ad-Hoc|ARM.Build.0 = Release|ARM
		{525B01DC-767F-4B19-9FE3-5E104EB3B5CB}.Ad-Hoc|ARM.Deploy.0 = Release|ARM
		{525B01DC-767F-4B19-9FE3-5E104EB3B5CB}.Ad-Hoc|iPhone.ActiveCfg = Release|x86
		{525B01DC-767F-4B19-9FE3-5E104EB3B5CB}.Ad-Hoc|iPhone.Build.0 = Release|x86
		{525B01DC-767F-4B19-9FE3-5E104EB3B5CB}.Ad-Hoc|iPhone.Deploy.0 = Release|x86
		{525B01DC-767F-4B19-9FE3-5E104EB3B5CB}.Ad-Hoc|iPhoneSimulator.ActiveCfg = Release|x86
		{525B01DC-767F-4B19-9FE3-5E104EB3B5CB}.Ad-Hoc|iPhoneSimulator.Build.0 = Release|x86
		{525B01DC-767F-4B19-9FE3-5E104EB3B5CB}.Ad-Hoc|iPhoneSimulator.Deploy.0 = Release|x86
		{525B01DC-767F-4B19-9FE3-5E104EB3B5CB}.Ad-Hoc|x64.ActiveCfg = Release|x64
		{525B01DC-767F-4B19-9FE3-5E104EB3B5CB}.Ad-Hoc|x64.Build.0 = Release|x64
		{525B01DC-767F-4B19-9FE3-5E104EB3B5CB}.Ad-Hoc|x64.Deploy.0 = Release|x64
		{525B01DC-767F-4B19-9FE3-5E104EB3B5CB}.Ad-Hoc|x86.ActiveCfg = Release|x86
		{525B01DC-767F-4B19-9FE3-5E104EB3B5CB}.Ad-Hoc|x86.Build.0 = Release|x86
		{525B01DC-767F-4B19-9FE3-5E104EB3B5CB}.Ad-Hoc|x86.Deploy.0 = Release|x86
		{525B01DC-767F-4B19-9FE3-5E104EB3B5CB}.AppStore|Any CPU.ActiveCfg = Release|x86
		{525B01DC-767F-4B19-9FE3-5E104EB3B5CB}.AppStore|Any CPU.Build.0 = Release|x86
		{525B01DC-767F-4B19-9FE3-5E104EB3B5CB}.AppStore|Any CPU.Deploy.0 = Release|x86
		{525B01DC-767F-4B19-9FE3-5E104EB3B5CB}.AppStore|ARM.ActiveCfg = Release|ARM
		{525B01DC-767F-4B19-9FE3-5E104EB3B5CB}.AppStore|ARM.Build.0 = Release|ARM
		{525B01DC-767F-4B19-9FE3-5E104EB3B5CB}.AppStore|ARM.Deploy.0 = Release|ARM
		{525B01DC-767F-4B19-9FE3-5E104EB3B5CB}.AppStore|iPhone.ActiveCfg = Release|x86
		{525B01DC-767F-4B19-9FE3-5E104EB3B5CB}.AppStore|iPhone.Build.0 = Release|x86
		{525B01DC-767F-4B19-9FE3-5E104EB3B5CB}.AppStore|iPhone.Deploy.0 = Release|x86
		{525B01DC-767F-4B19-9FE3-5E104EB3B5CB}.AppStore|iPhoneSimulator.ActiveCfg = Release|x86
		{525B01DC-767F-4B19-9FE3-5E104EB3B5CB}.AppStore|iPhoneSimulator.Build.0 = Release|x86
		{525B01DC-767F-4B19-9FE3-5E104EB3B5CB}.AppStore|iPhoneSimulator.Deploy.0 = Release|x86
		{525B01DC-767F-4B19-9FE3-5E104EB3B5CB}.AppStore|x64.ActiveCfg = Release|x64
		{525B01DC-767F-4B19-9FE3-5E104EB3B5CB}.AppStore|x64.Build.0 = Release|x64
		{525B01DC-767F-4B19-9FE3-5E104EB3B5CB}.AppStore|x64.Deploy.0 = Release|x64
		{525B01DC-767F-4B19-9FE3-5E104EB3B5CB}.AppStore|x86.ActiveCfg = Release|x86
		{525B01DC-767F-4B19-9FE3-5E104EB3B5CB}.AppStore|x86.Build.0 = Release|x86
		{525B01DC-767F-4B19-9FE3-5E104EB3B5CB}.AppStore|x86.Deploy.0 = Release|x86
		{525B01DC-767F-4B19-9FE3-5E104EB3B5CB}.Debug|Any CPU.ActiveCfg = Debug|x86
		{525B01DC-767F-4B19-9FE3-5E104EB3B5CB}.Debug|ARM.ActiveCfg = Debug|ARM
		{525B01DC-767F-4B19-9FE3-5E104EB3B5CB}.Debug|ARM.Build.0 = Debug|ARM
		{525B01DC-767F-4B19-9FE3-5E104EB3B5CB}.Debug|ARM.Deploy.0 = Debug|ARM
		{525B01DC-767F-4B19-9FE3-5E104EB3B5CB}.Debug|iPhone.ActiveCfg = Debug|x86
		{525B01DC-767F-4B19-9FE3-5E104EB3B5CB}.Debug|iPhoneSimulator.ActiveCfg = Debug|x86
		{525B01DC-767F-4B19-9FE3-5E104EB3B5CB}.Debug|x64.ActiveCfg = Debug|x64
		{525B01DC-767F-4B19-9FE3-5E104EB3B5CB}.Debug|x64.Build.0 = Debug|x64
		{525B01DC-767F-4B19-9FE3-5E104EB3B5CB}.Debug|x64.Deploy.0 = Debug|x64
		{525B01DC-767F-4B19-9FE3-5E104EB3B5CB}.Debug|x86.ActiveCfg = Debug|x86
		{525B01DC-767F-4B19-9FE3-5E104EB3B5CB}.Debug|x86.Build.0 = Debug|x86
		{525B01DC-767F-4B19-9FE3-5E104EB3B5CB}.Debug|x86.Deploy.0 = Debug|x86
		{525B01DC-767F-4B19-9FE3-5E104EB3B5CB}.Release|Any CPU.ActiveCfg = Release|x86
		{525B01DC-767F-4B19-9FE3-5E104EB3B5CB}.Release|ARM.ActiveCfg = Release|ARM
		{525B01DC-767F-4B19-9FE3-5E104EB3B5CB}.Release|ARM.Build.0 = Release|ARM
		{525B01DC-767F-4B19-9FE3-5E104EB3B5CB}.Release|ARM.Deploy.0 = Release|ARM
		{525B01DC-767F-4B19-9FE3-5E104EB3B5CB}.Release|iPhone.ActiveCfg = Release|x86
		{525B01DC-767F-4B19-9FE3-5E104EB3B5CB}.Release|iPhoneSimulator.ActiveCfg = Release|x86
		{525B01DC-767F-4B19-9FE3-5E104EB3B5CB}.Release|x64.ActiveCfg = Release|x64
		{525B01DC-767F-4B19-9FE3-5E104EB3B5CB}.Release|x64.Build.0 = Release|x64
		{525B01DC-767F-4B19-9FE3-5E104EB3B5CB}.Release|x64.Deploy.0 = Release|x64
		{525B01DC-767F-4B19-9FE3-5E104EB3B5CB}.Release|x86.ActiveCfg = Release|x86
		{525B01DC-767F-4B19-9FE3-5E104EB3B5CB}.Release|x86.Build.0 = Release|x86
		{525B01DC-767F-4B19-9FE3-5E104EB3B5CB}.Release|x86.Deploy.0 = Release|x86
		{2FBE1CA5-F3C5-4F0F-B643-CE585CA3B0DF}.Ad-Hoc|Any CPU.ActiveCfg = Debug|Any CPU
		{2FBE1CA5-F3C5-4F0F-B643-CE585CA3B0DF}.Ad-Hoc|Any CPU.Build.0 = Debug|Any CPU
		{2FBE1CA5-F3C5-4F0F-B643-CE585CA3B0DF}.Ad-Hoc|ARM.ActiveCfg = Debug|Any CPU
		{2FBE1CA5-F3C5-4F0F-B643-CE585CA3B0DF}.Ad-Hoc|ARM.Build.0 = Debug|Any CPU
		{2FBE1CA5-F3C5-4F0F-B643-CE585CA3B0DF}.Ad-Hoc|iPhone.ActiveCfg = Debug|Any CPU
		{2FBE1CA5-F3C5-4F0F-B643-CE585CA3B0DF}.Ad-Hoc|iPhone.Build.0 = Debug|Any CPU
		{2FBE1CA5-F3C5-4F0F-B643-CE585CA3B0DF}.Ad-Hoc|iPhoneSimulator.ActiveCfg = Debug|Any CPU
		{2FBE1CA5-F3C5-4F0F-B643-CE585CA3B0DF}.Ad-Hoc|iPhoneSimulator.Build.0 = Debug|Any CPU
		{2FBE1CA5-F3C5-4F0F-B643-CE585CA3B0DF}.Ad-Hoc|x64.ActiveCfg = Debug|Any CPU
		{2FBE1CA5-F3C5-4F0F-B643-CE585CA3B0DF}.Ad-Hoc|x64.Build.0 = Debug|Any CPU
		{2FBE1CA5-F3C5-4F0F-B643-CE585CA3B0DF}.Ad-Hoc|x86.ActiveCfg = Debug|Any CPU
		{2FBE1CA5-F3C5-4F0F-B643-CE585CA3B0DF}.Ad-Hoc|x86.Build.0 = Debug|Any CPU
		{2FBE1CA5-F3C5-4F0F-B643-CE585CA3B0DF}.AppStore|Any CPU.ActiveCfg = Debug|Any CPU
		{2FBE1CA5-F3C5-4F0F-B643-CE585CA3B0DF}.AppStore|Any CPU.Build.0 = Debug|Any CPU
		{2FBE1CA5-F3C5-4F0F-B643-CE585CA3B0DF}.AppStore|ARM.ActiveCfg = Debug|Any CPU
		{2FBE1CA5-F3C5-4F0F-B643-CE585CA3B0DF}.AppStore|ARM.Build.0 = Debug|Any CPU
		{2FBE1CA5-F3C5-4F0F-B643-CE585CA3B0DF}.AppStore|iPhone.ActiveCfg = Debug|Any CPU
		{2FBE1CA5-F3C5-4F0F-B643-CE585CA3B0DF}.AppStore|iPhone.Build.0 = Debug|Any CPU
		{2FBE1CA5-F3C5-4F0F-B643-CE585CA3B0DF}.AppStore|iPhoneSimulator.ActiveCfg = Debug|Any CPU
		{2FBE1CA5-F3C5-4F0F-B643-CE585CA3B0DF}.AppStore|iPhoneSimulator.Build.0 = Debug|Any CPU
		{2FBE1CA5-F3C5-4F0F-B643-CE585CA3B0DF}.AppStore|x64.ActiveCfg = Debug|Any CPU
		{2FBE1CA5-F3C5-4F0F-B643-CE585CA3B0DF}.AppStore|x64.Build.0 = Debug|Any CPU
		{2FBE1CA5-F3C5-4F0F-B643-CE585CA3B0DF}.AppStore|x86.ActiveCfg = Debug|Any CPU
		{2FBE1CA5-F3C5-4F0F-B643-CE585CA3B0DF}.AppStore|x86.Build.0 = Debug|Any CPU
		{2FBE1CA5-F3C5-4F0F-B643-CE585CA3B0DF}.Debug|Any CPU.ActiveCfg = Debug|Any CPU
		{2FBE1CA5-F3C5-4F0F-B643-CE585CA3B0DF}.Debug|Any CPU.Build.0 = Debug|Any CPU
		{2FBE1CA5-F3C5-4F0F-B643-CE585CA3B0DF}.Debug|ARM.ActiveCfg = Debug|Any CPU
		{2FBE1CA5-F3C5-4F0F-B643-CE585CA3B0DF}.Debug|ARM.Build.0 = Debug|Any CPU
		{2FBE1CA5-F3C5-4F0F-B643-CE585CA3B0DF}.Debug|iPhone.ActiveCfg = Debug|Any CPU
		{2FBE1CA5-F3C5-4F0F-B643-CE585CA3B0DF}.Debug|iPhone.Build.0 = Debug|Any CPU
		{2FBE1CA5-F3C5-4F0F-B643-CE585CA3B0DF}.Debug|iPhoneSimulator.ActiveCfg = Debug|Any CPU
		{2FBE1CA5-F3C5-4F0F-B643-CE585CA3B0DF}.Debug|iPhoneSimulator.Build.0 = Debug|Any CPU
		{2FBE1CA5-F3C5-4F0F-B643-CE585CA3B0DF}.Debug|x64.ActiveCfg = Debug|Any CPU
		{2FBE1CA5-F3C5-4F0F-B643-CE585CA3B0DF}.Debug|x64.Build.0 = Debug|Any CPU
		{2FBE1CA5-F3C5-4F0F-B643-CE585CA3B0DF}.Debug|x86.ActiveCfg = Debug|Any CPU
		{2FBE1CA5-F3C5-4F0F-B643-CE585CA3B0DF}.Debug|x86.Build.0 = Debug|Any CPU
		{2FBE1CA5-F3C5-4F0F-B643-CE585CA3B0DF}.Release|Any CPU.ActiveCfg = Release|Any CPU
		{2FBE1CA5-F3C5-4F0F-B643-CE585CA3B0DF}.Release|Any CPU.Build.0 = Release|Any CPU
		{2FBE1CA5-F3C5-4F0F-B643-CE585CA3B0DF}.Release|ARM.ActiveCfg = Release|Any CPU
		{2FBE1CA5-F3C5-4F0F-B643-CE585CA3B0DF}.Release|ARM.Build.0 = Release|Any CPU
		{2FBE1CA5-F3C5-4F0F-B643-CE585CA3B0DF}.Release|iPhone.ActiveCfg = Release|Any CPU
		{2FBE1CA5-F3C5-4F0F-B643-CE585CA3B0DF}.Release|iPhone.Build.0 = Release|Any CPU
		{2FBE1CA5-F3C5-4F0F-B643-CE585CA3B0DF}.Release|iPhoneSimulator.ActiveCfg = Release|Any CPU
		{2FBE1CA5-F3C5-4F0F-B643-CE585CA3B0DF}.Release|iPhoneSimulator.Build.0 = Release|Any CPU
		{2FBE1CA5-F3C5-4F0F-B643-CE585CA3B0DF}.Release|x64.ActiveCfg = Release|Any CPU
		{2FBE1CA5-F3C5-4F0F-B643-CE585CA3B0DF}.Release|x64.Build.0 = Release|Any CPU
		{2FBE1CA5-F3C5-4F0F-B643-CE585CA3B0DF}.Release|x86.ActiveCfg = Release|Any CPU
		{2FBE1CA5-F3C5-4F0F-B643-CE585CA3B0DF}.Release|x86.Build.0 = Release|Any CPU
	EndGlobalSection
	GlobalSection(SolutionProperties) = preSolution
		HideSolutionNode = FALSE
	EndGlobalSection
	GlobalSection(ExtensibilityGlobals) = postSolution
		SolutionGuid = {EF107A46-9F2C-4306-8DEB-FBE45B0DE476}
	EndGlobalSection
EndGlobal
