
Microsoft Visual Studio Solution File, Format Version 12.00
# Visual Studio 15
VisualStudioVersion = 15.0.26430.16
MinimumVisualStudioVersion = 10.0.40219.1
Project("{FAE04EC0-301F-11D3-BF4B-00C04F79EFBC}") = "MobileDemo.Android", "MobileDemo.Android\MobileDemo.Android.csproj", "{E4C7488A-65AF-4623-A09E-BFD5EC16B602}"
EndProject
Project("{FAE04EC0-301F-11D3-BF4B-00C04F79EFBC}") = "MobileDemo", "MobileDemo\MobileDemo.csproj", "{815A8F40-9231-47DE-B77C-6D3128F67702}"
EndProject
Project("{FAE04EC0-301F-11D3-BF4B-00C04F79EFBC}") = "MobileDemo.UWP", "MobileDemo.UWP\MobileDemo.UWP.csproj", "{F4BE78E4-C99D-4642-9AAD-1352F3F8B50B}"
EndProject
Project("{FAE04EC0-301F-11D3-BF4B-00C04F79EFBC}") = "MobileDemo.iOS", "MobileDemo.iOS\MobileDemo.iOS.csproj", "{C106614C-C68C-48D9-800E-DDC75563B1F5}"
EndProject
Global
	GlobalSection(SolutionConfigurationPlatforms) = preSolution
		Ad-Hoc|Any CPU = Ad-Hoc|Any CPU
		Ad-Hoc|ARM = Ad-Hoc|ARM
		Ad-Hoc|iPhone = Ad-Hoc|iPhone
		Ad-Hoc|iPhoneSimulator = Ad-Hoc|iPhoneSimulator
		Ad-Hoc|x64 = Ad-Hoc|x64
		Ad-Hoc|x86 = Ad-Hoc|x86
		AppStore|Any CPU = AppStore|Any CPU
		AppStore|ARM = AppStore|ARM
		AppStore|iPhone = AppStore|iPhone
		AppStore|iPhoneSimulator = AppStore|iPhoneSimulator
		AppStore|x64 = AppStore|x64
		AppStore|x86 = AppStore|x86
		Debug|Any CPU = Debug|Any CPU
		Debug|ARM = Debug|ARM
		Debug|iPhone = Debug|iPhone
		Debug|iPhoneSimulator = Debug|iPhoneSimulator
		Debug|x64 = Debug|x64
		Debug|x86 = Debug|x86
		Release|Any CPU = Release|Any CPU
		Release|ARM = Release|ARM
		Release|iPhone = Release|iPhone
		Release|iPhoneSimulator = Release|iPhoneSimulator
		Release|x64 = Release|x64
		Release|x86 = Release|x86
	EndGlobalSection
	GlobalSection(ProjectConfigurationPlatforms) = postSolution
		{E4C7488A-65AF-4623-A09E-BFD5EC16B602}.Ad-Hoc|Any CPU.ActiveCfg = Release|Any CPU
		{E4C7488A-65AF-4623-A09E-BFD5EC16B602}.Ad-Hoc|Any CPU.Build.0 = Release|Any CPU
		{E4C7488A-65AF-4623-A09E-BFD5EC16B602}.Ad-Hoc|Any CPU.Deploy.0 = Release|Any CPU
		{E4C7488A-65AF-4623-A09E-BFD5EC16B602}.Ad-Hoc|ARM.ActiveCfg = Release|Any CPU
		{E4C7488A-65AF-4623-A09E-BFD5EC16B602}.Ad-Hoc|ARM.Build.0 = Release|Any CPU
		{E4C7488A-65AF-4623-A09E-BFD5EC16B602}.Ad-Hoc|ARM.Deploy.0 = Release|Any CPU
		{E4C7488A-65AF-4623-A09E-BFD5EC16B602}.Ad-Hoc|iPhone.ActiveCfg = Release|Any CPU
		{E4C7488A-65AF-4623-A09E-BFD5EC16B602}.Ad-Hoc|iPhone.Build.0 = Release|Any CPU
		{E4C7488A-65AF-4623-A09E-BFD5EC16B602}.Ad-Hoc|iPhone.Deploy.0 = Release|Any CPU
		{E4C7488A-65AF-4623-A09E-BFD5EC16B602}.Ad-Hoc|iPhoneSimulator.ActiveCfg = Release|Any CPU
		{E4C7488A-65AF-4623-A09E-BFD5EC16B602}.Ad-Hoc|iPhoneSimulator.Build.0 = Release|Any CPU
		{E4C7488A-65AF-4623-A09E-BFD5EC16B602}.Ad-Hoc|iPhoneSimulator.Deploy.0 = Release|Any CPU
		{E4C7488A-65AF-4623-A09E-BFD5EC16B602}.Ad-Hoc|x64.ActiveCfg = Release|Any CPU
		{E4C7488A-65AF-4623-A09E-BFD5EC16B602}.Ad-Hoc|x64.Build.0 = Release|Any CPU
		{E4C7488A-65AF-4623-A09E-BFD5EC16B602}.Ad-Hoc|x64.Deploy.0 = Release|Any CPU
		{E4C7488A-65AF-4623-A09E-BFD5EC16B602}.Ad-Hoc|x86.ActiveCfg = Release|Any CPU
		{E4C7488A-65AF-4623-A09E-BFD5EC16B602}.Ad-Hoc|x86.Build.0 = Release|Any CPU
		{E4C7488A-65AF-4623-A09E-BFD5EC16B602}.Ad-Hoc|x86.Deploy.0 = Release|Any CPU
		{E4C7488A-65AF-4623-A09E-BFD5EC16B602}.AppStore|Any CPU.ActiveCfg = Release|Any CPU
		{E4C7488A-65AF-4623-A09E-BFD5EC16B602}.AppStore|Any CPU.Build.0 = Release|Any CPU
		{E4C7488A-65AF-4623-A09E-BFD5EC16B602}.AppStore|Any CPU.Deploy.0 = Release|Any CPU
		{E4C7488A-65AF-4623-A09E-BFD5EC16B602}.AppStore|ARM.ActiveCfg = Release|Any CPU
		{E4C7488A-65AF-4623-A09E-BFD5EC16B602}.AppStore|ARM.Build.0 = Release|Any CPU
		{E4C7488A-65AF-4623-A09E-BFD5EC16B602}.AppStore|ARM.Deploy.0 = Release|Any CPU
		{E4C7488A-65AF-4623-A09E-BFD5EC16B602}.AppStore|iPhone.ActiveCfg = Release|Any CPU
		{E4C7488A-65AF-4623-A09E-BFD5EC16B602}.AppStore|iPhone.Build.0 = Release|Any CPU
		{E4C7488A-65AF-4623-A09E-BFD5EC16B602}.AppStore|iPhone.Deploy.0 = Release|Any CPU
		{E4C7488A-65AF-4623-A09E-BFD5EC16B602}.AppStore|iPhoneSimulator.ActiveCfg = Release|Any CPU
		{E4C7488A-65AF-4623-A09E-BFD5EC16B602}.AppStore|iPhoneSimulator.Build.0 = Release|Any CPU
		{E4C7488A-65AF-4623-A09E-BFD5EC16B602}.AppStore|iPhoneSimulator.Deploy.0 = Release|Any CPU
		{E4C7488A-65AF-4623-A09E-BFD5EC16B602}.AppStore|x64.ActiveCfg = Release|Any CPU
		{E4C7488A-65AF-4623-A09E-BFD5EC16B602}.AppStore|x64.Build.0 = Release|Any CPU
		{E4C7488A-65AF-4623-A09E-BFD5EC16B602}.AppStore|x64.Deploy.0 = Release|Any CPU
		{E4C7488A-65AF-4623-A09E-BFD5EC16B602}.AppStore|x86.ActiveCfg = Release|Any CPU
		{E4C7488A-65AF-4623-A09E-BFD5EC16B602}.AppStore|x86.Build.0 = Release|Any CPU
		{E4C7488A-65AF-4623-A09E-BFD5EC16B602}.AppStore|x86.Deploy.0 = Release|Any CPU
		{E4C7488A-65AF-4623-A09E-BFD5EC16B602}.Debug|Any CPU.ActiveCfg = Debug|Any CPU
		{E4C7488A-65AF-4623-A09E-BFD5EC16B602}.Debug|Any CPU.Build.0 = Debug|Any CPU
		{E4C7488A-65AF-4623-A09E-BFD5EC16B602}.Debug|Any CPU.Deploy.0 = Debug|Any CPU
		{E4C7488A-65AF-4623-A09E-BFD5EC16B602}.Debug|ARM.ActiveCfg = Debug|Any CPU
		{E4C7488A-65AF-4623-A09E-BFD5EC16B602}.Debug|ARM.Build.0 = Debug|Any CPU
		{E4C7488A-65AF-4623-A09E-BFD5EC16B602}.Debug|ARM.Deploy.0 = Debug|Any CPU
		{E4C7488A-65AF-4623-A09E-BFD5EC16B602}.Debug|iPhone.ActiveCfg = Debug|Any CPU
		{E4C7488A-65AF-4623-A09E-BFD5EC16B602}.Debug|iPhone.Build.0 = Debug|Any CPU
		{E4C7488A-65AF-4623-A09E-BFD5EC16B602}.Debug|iPhone.Deploy.0 = Debug|Any CPU
		{E4C7488A-65AF-4623-A09E-BFD5EC16B602}.Debug|iPhoneSimulator.ActiveCfg = Debug|Any CPU
		{E4C7488A-65AF-4623-A09E-BFD5EC16B602}.Debug|iPhoneSimulator.Build.0 = Debug|Any CPU
		{E4C7488A-65AF-4623-A09E-BFD5EC16B602}.Debug|iPhoneSimulator.Deploy.0 = Debug|Any CPU
		{E4C7488A-65AF-4623-A09E-BFD5EC16B602}.Debug|x64.ActiveCfg = Debug|Any CPU
		{E4C7488A-65AF-4623-A09E-BFD5EC16B602}.Debug|x64.Build.0 = Debug|Any CPU
		{E4C7488A-65AF-4623-A09E-BFD5EC16B602}.Debug|x64.Deploy.0 = Debug|Any CPU
		{E4C7488A-65AF-4623-A09E-BFD5EC16B602}.Debug|x86.ActiveCfg = Debug|Any CPU
		{E4C7488A-65AF-4623-A09E-BFD5EC16B602}.Debug|x86.Build.0 = Debug|Any CPU
		{E4C7488A-65AF-4623-A09E-BFD5EC16B602}.Debug|x86.Deploy.0 = Debug|Any CPU
		{E4C7488A-65AF-4623-A09E-BFD5EC16B602}.Release|Any CPU.ActiveCfg = Release|Any CPU
		{E4C7488A-65AF-4623-A09E-BFD5EC16B602}.Release|Any CPU.Build.0 = Release|Any CPU
		{E4C7488A-65AF-4623-A09E-BFD5EC16B602}.Release|Any CPU.Deploy.0 = Release|Any CPU
		{E4C7488A-65AF-4623-A09E-BFD5EC16B602}.Release|ARM.ActiveCfg = Release|Any CPU
		{E4C7488A-65AF-4623-A09E-BFD5EC16B602}.Release|ARM.Build.0 = Release|Any CPU
		{E4C7488A-65AF-4623-A09E-BFD5EC16B602}.Release|ARM.Deploy.0 = Release|Any CPU
		{E4C7488A-65AF-4623-A09E-BFD5EC16B602}.Release|iPhone.ActiveCfg = Release|Any CPU
		{E4C7488A-65AF-4623-A09E-BFD5EC16B602}.Release|iPhone.Build.0 = Release|Any CPU
		{E4C7488A-65AF-4623-A09E-BFD5EC16B602}.Release|iPhone.Deploy.0 = Release|Any CPU
		{E4C7488A-65AF-4623-A09E-BFD5EC16B602}.Release|iPhoneSimulator.ActiveCfg = Release|Any CPU
		{E4C7488A-65AF-4623-A09E-BFD5EC16B602}.Release|iPhoneSimulator.Build.0 = Release|Any CPU
		{E4C7488A-65AF-4623-A09E-BFD5EC16B602}.Release|iPhoneSimulator.Deploy.0 = Release|Any CPU
		{E4C7488A-65AF-4623-A09E-BFD5EC16B602}.Release|x64.ActiveCfg = Release|Any CPU
		{E4C7488A-65AF-4623-A09E-BFD5EC16B602}.Release|x64.Build.0 = Release|Any CPU
		{E4C7488A-65AF-4623-A09E-BFD5EC16B602}.Release|x64.Deploy.0 = Release|Any CPU
		{E4C7488A-65AF-4623-A09E-BFD5EC16B602}.Release|x86.ActiveCfg = Release|Any CPU
		{E4C7488A-65AF-4623-A09E-BFD5EC16B602}.Release|x86.Build.0 = Release|Any CPU
		{E4C7488A-65AF-4623-A09E-BFD5EC16B602}.Release|x86.Deploy.0 = Release|Any CPU
		{815A8F40-9231-47DE-B77C-6D3128F67702}.Ad-Hoc|Any CPU.ActiveCfg = Release|Any CPU
		{815A8F40-9231-47DE-B77C-6D3128F67702}.Ad-Hoc|Any CPU.Build.0 = Release|Any CPU
		{815A8F40-9231-47DE-B77C-6D3128F67702}.Ad-Hoc|ARM.ActiveCfg = Release|Any CPU
		{815A8F40-9231-47DE-B77C-6D3128F67702}.Ad-Hoc|ARM.Build.0 = Release|Any CPU
		{815A8F40-9231-47DE-B77C-6D3128F67702}.Ad-Hoc|iPhone.ActiveCfg = Release|Any CPU
		{815A8F40-9231-47DE-B77C-6D3128F67702}.Ad-Hoc|iPhone.Build.0 = Release|Any CPU
		{815A8F40-9231-47DE-B77C-6D3128F67702}.Ad-Hoc|iPhoneSimulator.ActiveCfg = Release|Any CPU
		{815A8F40-9231-47DE-B77C-6D3128F67702}.Ad-Hoc|iPhoneSimulator.Build.0 = Release|Any CPU
		{815A8F40-9231-47DE-B77C-6D3128F67702}.Ad-Hoc|x64.ActiveCfg = Release|Any CPU
		{815A8F40-9231-47DE-B77C-6D3128F67702}.Ad-Hoc|x64.Build.0 = Release|Any CPU
		{815A8F40-9231-47DE-B77C-6D3128F67702}.Ad-Hoc|x86.ActiveCfg = Release|Any CPU
		{815A8F40-9231-47DE-B77C-6D3128F67702}.Ad-Hoc|x86.Build.0 = Release|Any CPU
		{815A8F40-9231-47DE-B77C-6D3128F67702}.AppStore|Any CPU.ActiveCfg = Release|Any CPU
		{815A8F40-9231-47DE-B77C-6D3128F67702}.AppStore|Any CPU.Build.0 = Release|Any CPU
		{815A8F40-9231-47DE-B77C-6D3128F67702}.AppStore|ARM.ActiveCfg = Release|Any CPU
		{815A8F40-9231-47DE-B77C-6D3128F67702}.AppStore|ARM.Build.0 = Release|Any CPU
		{815A8F40-9231-47DE-B77C-6D3128F67702}.AppStore|iPhone.ActiveCfg = Release|Any CPU
		{815A8F40-9231-47DE-B77C-6D3128F67702}.AppStore|iPhone.Build.0 = Release|Any CPU
		{815A8F40-9231-47DE-B77C-6D3128F67702}.AppStore|iPhoneSimulator.ActiveCfg = Release|Any CPU
		{815A8F40-9231-47DE-B77C-6D3128F67702}.AppStore|iPhoneSimulator.Build.0 = Release|Any CPU
		{815A8F40-9231-47DE-B77C-6D3128F67702}.AppStore|x64.ActiveCfg = Release|Any CPU
		{815A8F40-9231-47DE-B77C-6D3128F67702}.AppStore|x64.Build.0 = Release|Any CPU
		{815A8F40-9231-47DE-B77C-6D3128F67702}.AppStore|x86.ActiveCfg = Release|Any CPU
		{815A8F40-9231-47DE-B77C-6D3128F67702}.AppStore|x86.Build.0 = Release|Any CPU
		{815A8F40-9231-47DE-B77C-6D3128F67702}.Debug|Any CPU.ActiveCfg = Debug|Any CPU
		{815A8F40-9231-47DE-B77C-6D3128F67702}.Debug|Any CPU.Build.0 = Debug|Any CPU
		{815A8F40-9231-47DE-B77C-6D3128F67702}.Debug|ARM.ActiveCfg = Debug|Any CPU
		{815A8F40-9231-47DE-B77C-6D3128F67702}.Debug|ARM.Build.0 = Debug|Any CPU
		{815A8F40-9231-47DE-B77C-6D3128F67702}.Debug|iPhone.ActiveCfg = Debug|Any CPU
		{815A8F40-9231-47DE-B77C-6D3128F67702}.Debug|iPhone.Build.0 = Debug|Any CPU
		{815A8F40-9231-47DE-B77C-6D3128F67702}.Debug|iPhoneSimulator.ActiveCfg = Debug|Any CPU
		{815A8F40-9231-47DE-B77C-6D3128F67702}.Debug|iPhoneSimulator.Build.0 = Debug|Any CPU
		{815A8F40-9231-47DE-B77C-6D3128F67702}.Debug|x64.ActiveCfg = Debug|Any CPU
		{815A8F40-9231-47DE-B77C-6D3128F67702}.Debug|x64.Build.0 = Debug|Any CPU
		{815A8F40-9231-47DE-B77C-6D3128F67702}.Debug|x86.ActiveCfg = Debug|Any CPU
		{815A8F40-9231-47DE-B77C-6D3128F67702}.Debug|x86.Build.0 = Debug|Any CPU
		{815A8F40-9231-47DE-B77C-6D3128F67702}.Release|Any CPU.ActiveCfg = Release|Any CPU
		{815A8F40-9231-47DE-B77C-6D3128F67702}.Release|Any CPU.Build.0 = Release|Any CPU
		{815A8F40-9231-47DE-B77C-6D3128F67702}.Release|ARM.ActiveCfg = Release|Any CPU
		{815A8F40-9231-47DE-B77C-6D3128F67702}.Release|ARM.Build.0 = Release|Any CPU
		{815A8F40-9231-47DE-B77C-6D3128F67702}.Release|iPhone.ActiveCfg = Release|Any CPU
		{815A8F40-9231-47DE-B77C-6D3128F67702}.Release|iPhone.Build.0 = Release|Any CPU
		{815A8F40-9231-47DE-B77C-6D3128F67702}.Release|iPhoneSimulator.ActiveCfg = Release|Any CPU
		{815A8F40-9231-47DE-B77C-6D3128F67702}.Release|iPhoneSimulator.Build.0 = Release|Any CPU
		{815A8F40-9231-47DE-B77C-6D3128F67702}.Release|x64.ActiveCfg = Release|Any CPU
		{815A8F40-9231-47DE-B77C-6D3128F67702}.Release|x64.Build.0 = Release|Any CPU
		{815A8F40-9231-47DE-B77C-6D3128F67702}.Release|x86.ActiveCfg = Release|Any CPU
		{815A8F40-9231-47DE-B77C-6D3128F67702}.Release|x86.Build.0 = Release|Any CPU
		{F4BE78E4-C99D-4642-9AAD-1352F3F8B50B}.Ad-Hoc|Any CPU.ActiveCfg = Release|x86
		{F4BE78E4-C99D-4642-9AAD-1352F3F8B50B}.Ad-Hoc|Any CPU.Build.0 = Release|x86
		{F4BE78E4-C99D-4642-9AAD-1352F3F8B50B}.Ad-Hoc|Any CPU.Deploy.0 = Release|x86
		{F4BE78E4-C99D-4642-9AAD-1352F3F8B50B}.Ad-Hoc|ARM.ActiveCfg = Release|ARM
		{F4BE78E4-C99D-4642-9AAD-1352F3F8B50B}.Ad-Hoc|ARM.Build.0 = Release|ARM
		{F4BE78E4-C99D-4642-9AAD-1352F3F8B50B}.Ad-Hoc|ARM.Deploy.0 = Release|ARM
		{F4BE78E4-C99D-4642-9AAD-1352F3F8B50B}.Ad-Hoc|iPhone.ActiveCfg = Release|x86
		{F4BE78E4-C99D-4642-9AAD-1352F3F8B50B}.Ad-Hoc|iPhone.Build.0 = Release|x86
		{F4BE78E4-C99D-4642-9AAD-1352F3F8B50B}.Ad-Hoc|iPhone.Deploy.0 = Release|x86
		{F4BE78E4-C99D-4642-9AAD-1352F3F8B50B}.Ad-Hoc|iPhoneSimulator.ActiveCfg = Release|x86
		{F4BE78E4-C99D-4642-9AAD-1352F3F8B50B}.Ad-Hoc|iPhoneSimulator.Build.0 = Release|x86
		{F4BE78E4-C99D-4642-9AAD-1352F3F8B50B}.Ad-Hoc|iPhoneSimulator.Deploy.0 = Release|x86
		{F4BE78E4-C99D-4642-9AAD-1352F3F8B50B}.Ad-Hoc|x64.ActiveCfg = Release|x64
		{F4BE78E4-C99D-4642-9AAD-1352F3F8B50B}.Ad-Hoc|x64.Build.0 = Release|x64
		{F4BE78E4-C99D-4642-9AAD-1352F3F8B50B}.Ad-Hoc|x64.Deploy.0 = Release|x64
		{F4BE78E4-C99D-4642-9AAD-1352F3F8B50B}.Ad-Hoc|x86.ActiveCfg = Release|x86
		{F4BE78E4-C99D-4642-9AAD-1352F3F8B50B}.Ad-Hoc|x86.Build.0 = Release|x86
		{F4BE78E4-C99D-4642-9AAD-1352F3F8B50B}.Ad-Hoc|x86.Deploy.0 = Release|x86
		{F4BE78E4-C99D-4642-9AAD-1352F3F8B50B}.AppStore|Any CPU.ActiveCfg = Release|x86
		{F4BE78E4-C99D-4642-9AAD-1352F3F8B50B}.AppStore|Any CPU.Build.0 = Release|x86
		{F4BE78E4-C99D-4642-9AAD-1352F3F8B50B}.AppStore|Any CPU.Deploy.0 = Release|x86
		{F4BE78E4-C99D-4642-9AAD-1352F3F8B50B}.AppStore|ARM.ActiveCfg = Release|ARM
		{F4BE78E4-C99D-4642-9AAD-1352F3F8B50B}.AppStore|ARM.Build.0 = Release|ARM
		{F4BE78E4-C99D-4642-9AAD-1352F3F8B50B}.AppStore|ARM.Deploy.0 = Release|ARM
		{F4BE78E4-C99D-4642-9AAD-1352F3F8B50B}.AppStore|iPhone.ActiveCfg = Release|x86
		{F4BE78E4-C99D-4642-9AAD-1352F3F8B50B}.AppStore|iPhone.Build.0 = Release|x86
		{F4BE78E4-C99D-4642-9AAD-1352F3F8B50B}.AppStore|iPhone.Deploy.0 = Release|x86
		{F4BE78E4-C99D-4642-9AAD-1352F3F8B50B}.AppStore|iPhoneSimulator.ActiveCfg = Release|x86
		{F4BE78E4-C99D-4642-9AAD-1352F3F8B50B}.AppStore|iPhoneSimulator.Build.0 = Release|x86
		{F4BE78E4-C99D-4642-9AAD-1352F3F8B50B}.AppStore|iPhoneSimulator.Deploy.0 = Release|x86
		{F4BE78E4-C99D-4642-9AAD-1352F3F8B50B}.AppStore|x64.ActiveCfg = Release|x64
		{F4BE78E4-C99D-4642-9AAD-1352F3F8B50B}.AppStore|x64.Build.0 = Release|x64
		{F4BE78E4-C99D-4642-9AAD-1352F3F8B50B}.AppStore|x64.Deploy.0 = Release|x64
		{F4BE78E4-C99D-4642-9AAD-1352F3F8B50B}.AppStore|x86.ActiveCfg = Release|x86
		{F4BE78E4-C99D-4642-9AAD-1352F3F8B50B}.AppStore|x86.Build.0 = Release|x86
		{F4BE78E4-C99D-4642-9AAD-1352F3F8B50B}.AppStore|x86.Deploy.0 = Release|x86
		{F4BE78E4-C99D-4642-9AAD-1352F3F8B50B}.Debug|Any CPU.ActiveCfg = Debug|x86
		{F4BE78E4-C99D-4642-9AAD-1352F3F8B50B}.Debug|Any CPU.Build.0 = Debug|x86
		{F4BE78E4-C99D-4642-9AAD-1352F3F8B50B}.Debug|Any CPU.Deploy.0 = Debug|x86
		{F4BE78E4-C99D-4642-9AAD-1352F3F8B50B}.Debug|ARM.ActiveCfg = Debug|ARM
		{F4BE78E4-C99D-4642-9AAD-1352F3F8B50B}.Debug|ARM.Build.0 = Debug|ARM
		{F4BE78E4-C99D-4642-9AAD-1352F3F8B50B}.Debug|ARM.Deploy.0 = Debug|ARM
		{F4BE78E4-C99D-4642-9AAD-1352F3F8B50B}.Debug|iPhone.ActiveCfg = Debug|x86
		{F4BE78E4-C99D-4642-9AAD-1352F3F8B50B}.Debug|iPhoneSimulator.ActiveCfg = Debug|x86
		{F4BE78E4-C99D-4642-9AAD-1352F3F8B50B}.Debug|x64.ActiveCfg = Debug|x64
		{F4BE78E4-C99D-4642-9AAD-1352F3F8B50B}.Debug|x64.Build.0 = Debug|x64
		{F4BE78E4-C99D-4642-9AAD-1352F3F8B50B}.Debug|x64.Deploy.0 = Debug|x64
		{F4BE78E4-C99D-4642-9AAD-1352F3F8B50B}.Debug|x86.ActiveCfg = Debug|x86
		{F4BE78E4-C99D-4642-9AAD-1352F3F8B50B}.Debug|x86.Build.0 = Debug|x86
		{F4BE78E4-C99D-4642-9AAD-1352F3F8B50B}.Debug|x86.Deploy.0 = Debug|x86
		{F4BE78E4-C99D-4642-9AAD-1352F3F8B50B}.Release|Any CPU.ActiveCfg = Release|x86
		{F4BE78E4-C99D-4642-9AAD-1352F3F8B50B}.Release|ARM.ActiveCfg = Release|ARM
		{F4BE78E4-C99D-4642-9AAD-1352F3F8B50B}.Release|ARM.Build.0 = Release|ARM
		{F4BE78E4-C99D-4642-9AAD-1352F3F8B50B}.Release|ARM.Deploy.0 = Release|ARM
		{F4BE78E4-C99D-4642-9AAD-1352F3F8B50B}.Release|iPhone.ActiveCfg = Release|x86
		{F4BE78E4-C99D-4642-9AAD-1352F3F8B50B}.Release|iPhoneSimulator.ActiveCfg = Release|x86
		{F4BE78E4-C99D-4642-9AAD-1352F3F8B50B}.Release|x64.ActiveCfg = Release|x64
		{F4BE78E4-C99D-4642-9AAD-1352F3F8B50B}.Release|x64.Build.0 = Release|x64
		{F4BE78E4-C99D-4642-9AAD-1352F3F8B50B}.Release|x64.Deploy.0 = Release|x64
		{F4BE78E4-C99D-4642-9AAD-1352F3F8B50B}.Release|x86.ActiveCfg = Release|x86
		{F4BE78E4-C99D-4642-9AAD-1352F3F8B50B}.Release|x86.Build.0 = Release|x86
		{F4BE78E4-C99D-4642-9AAD-1352F3F8B50B}.Release|x86.Deploy.0 = Release|x86
		{C106614C-C68C-48D9-800E-DDC75563B1F5}.Ad-Hoc|Any CPU.ActiveCfg = Ad-Hoc|iPhone
		{C106614C-C68C-48D9-800E-DDC75563B1F5}.Ad-Hoc|ARM.ActiveCfg = Ad-Hoc|iPhone
		{C106614C-C68C-48D9-800E-DDC75563B1F5}.Ad-Hoc|iPhone.ActiveCfg = Ad-Hoc|iPhone
		{C106614C-C68C-48D9-800E-DDC75563B1F5}.Ad-Hoc|iPhone.Build.0 = Ad-Hoc|iPhone
		{C106614C-C68C-48D9-800E-DDC75563B1F5}.Ad-Hoc|iPhoneSimulator.ActiveCfg = Ad-Hoc|iPhoneSimulator
		{C106614C-C68C-48D9-800E-DDC75563B1F5}.Ad-Hoc|iPhoneSimulator.Build.0 = Ad-Hoc|iPhoneSimulator
		{C106614C-C68C-48D9-800E-DDC75563B1F5}.Ad-Hoc|x64.ActiveCfg = Ad-Hoc|iPhone
		{C106614C-C68C-48D9-800E-DDC75563B1F5}.Ad-Hoc|x86.ActiveCfg = Ad-Hoc|iPhone
		{C106614C-C68C-48D9-800E-DDC75563B1F5}.AppStore|Any CPU.ActiveCfg = AppStore|iPhone
		{C106614C-C68C-48D9-800E-DDC75563B1F5}.AppStore|ARM.ActiveCfg = AppStore|iPhone
		{C106614C-C68C-48D9-800E-DDC75563B1F5}.AppStore|iPhone.ActiveCfg = AppStore|iPhone
		{C106614C-C68C-48D9-800E-DDC75563B1F5}.AppStore|iPhone.Build.0 = AppStore|iPhone
		{C106614C-C68C-48D9-800E-DDC75563B1F5}.AppStore|iPhoneSimulator.ActiveCfg = AppStore|iPhoneSimulator
		{C106614C-C68C-48D9-800E-DDC75563B1F5}.AppStore|iPhoneSimulator.Build.0 = AppStore|iPhoneSimulator
		{C106614C-C68C-48D9-800E-DDC75563B1F5}.AppStore|x64.ActiveCfg = AppStore|iPhone
		{C106614C-C68C-48D9-800E-DDC75563B1F5}.AppStore|x86.ActiveCfg = AppStore|iPhone
		{C106614C-C68C-48D9-800E-DDC75563B1F5}.Debug|Any CPU.ActiveCfg = Debug|iPhone
		{C106614C-C68C-48D9-800E-DDC75563B1F5}.Debug|Any CPU.Build.0 = Debug|iPhone
		{C106614C-C68C-48D9-800E-DDC75563B1F5}.Debug|ARM.ActiveCfg = Debug|iPhone
		{C106614C-C68C-48D9-800E-DDC75563B1F5}.Debug|iPhone.ActiveCfg = Debug|iPhone
		{C106614C-C68C-48D9-800E-DDC75563B1F5}.Debug|iPhone.Build.0 = Debug|iPhone
		{C106614C-C68C-48D9-800E-DDC75563B1F5}.Debug|iPhoneSimulator.ActiveCfg = Debug|iPhoneSimulator
		{C106614C-C68C-48D9-800E-DDC75563B1F5}.Debug|iPhoneSimulator.Build.0 = Debug|iPhoneSimulator
		{C106614C-C68C-48D9-800E-DDC75563B1F5}.Debug|x64.ActiveCfg = Debug|iPhone
		{C106614C-C68C-48D9-800E-DDC75563B1F5}.Debug|x86.ActiveCfg = Debug|iPhone
		{C106614C-C68C-48D9-800E-DDC75563B1F5}.Release|Any CPU.ActiveCfg = Release|iPhone
		{C106614C-C68C-48D9-800E-DDC75563B1F5}.Release|ARM.ActiveCfg = Release|iPhone
		{C106614C-C68C-48D9-800E-DDC75563B1F5}.Release|iPhone.ActiveCfg = Release|iPhone
		{C106614C-C68C-48D9-800E-DDC75563B1F5}.Release|iPhone.Build.0 = Release|iPhone
		{C106614C-C68C-48D9-800E-DDC75563B1F5}.Release|iPhoneSimulator.ActiveCfg = Release|iPhoneSimulator
		{C106614C-C68C-48D9-800E-DDC75563B1F5}.Release|iPhoneSimulator.Build.0 = Release|iPhoneSimulator
		{C106614C-C68C-48D9-800E-DDC75563B1F5}.Release|x64.ActiveCfg = Release|iPhone
		{C106614C-C68C-48D9-800E-DDC75563B1F5}.Release|x86.ActiveCfg = Release|iPhone
	EndGlobalSection
	GlobalSection(SolutionProperties) = preSolution
		HideSolutionNode = FALSE
	EndGlobalSection
EndGlobal
