
Microsoft Visual Studio Solution File, Format Version 12.00
# Visual Studio 15
VisualStudioVersion = 15.0.26430.16
MinimumVisualStudioVersion = 10.0.40219.1
Project("{9A19103F-16F7-4668-BE54-9A1E7A4F7556}") = "DataAccessLayer", "MobileDemo.DataAccess\DataAccessLayer.csproj", "{6D2B41CD-CE07-4C2C-A1B7-65C82CD49971}"
EndProject
Project("{FAE04EC0-301F-11D3-BF4B-00C04F79EFBC}") = "MD.05.Android", "MD.05\MD.05.Android\MD.05.Android.csproj", "{D6E383B2-7439-430B-97C2-BAA2ACE69EF6}"
EndProject
Project("{FAE04EC0-301F-11D3-BF4B-00C04F79EFBC}") = "MD.05.iOS", "MD.05\MD.05.iOS\MD.05.iOS.csproj", "{3487D8CA-519A-4B0B-BDF1-6F6D35AF76B9}"
EndProject
Project("{FAE04EC0-301F-11D3-BF4B-00C04F79EFBC}") = "MD.05.UWP", "MD.05\MD.05.UWP\MD.05.UWP.csproj", "{F424C58E-858F-4363-AE47-403D05EAC3B4}"
EndProject
Project("{FAE04EC0-301F-11D3-BF4B-00C04F79EFBC}") = "MD.05", "MD.05\MD.05\MD.05.csproj", "{720432E0-BA57-4651-971D-98C650DE5B88}"
EndProject
Global
	GlobalSection(SolutionConfigurationPlatforms) = preSolution
		Ad-Hoc|Any CPU = Ad-Hoc|Any CPU
		Ad-Hoc|ARM = Ad-Hoc|ARM
		Ad-Hoc|iPhone = Ad-Hoc|iPhone
		Ad-Hoc|iPhoneSimulator = Ad-Hoc|iPhoneSimulator
		Ad-Hoc|x64 = Ad-Hoc|x64
		Ad-Hoc|x86 = Ad-Hoc|x86
		AppStore|Any CPU = AppStore|Any CPU
		AppStore|ARM = AppStore|ARM
		AppStore|iPhone = AppStore|iPhone
		AppStore|iPhoneSimulator = AppStore|iPhoneSimulator
		AppStore|x64 = AppStore|x64
		AppStore|x86 = AppStore|x86
		Debug|Any CPU = Debug|Any CPU
		Debug|ARM = Debug|ARM
		Debug|iPhone = Debug|iPhone
		Debug|iPhoneSimulator = Debug|iPhoneSimulator
		Debug|x64 = Debug|x64
		Debug|x86 = Debug|x86
		Release|Any CPU = Release|Any CPU
		Release|ARM = Release|ARM
		Release|iPhone = Release|iPhone
		Release|iPhoneSimulator = Release|iPhoneSimulator
		Release|x64 = Release|x64
		Release|x86 = Release|x86
	EndGlobalSection
	GlobalSection(ProjectConfigurationPlatforms) = postSolution
		{6D2B41CD-CE07-4C2C-A1B7-65C82CD49971}.Ad-Hoc|Any CPU.ActiveCfg = Debug|Any CPU
		{6D2B41CD-CE07-4C2C-A1B7-65C82CD49971}.Ad-Hoc|Any CPU.Build.0 = Debug|Any CPU
		{6D2B41CD-CE07-4C2C-A1B7-65C82CD49971}.Ad-Hoc|ARM.ActiveCfg = Debug|Any CPU
		{6D2B41CD-CE07-4C2C-A1B7-65C82CD49971}.Ad-Hoc|ARM.Build.0 = Debug|Any CPU
		{6D2B41CD-CE07-4C2C-A1B7-65C82CD49971}.Ad-Hoc|iPhone.ActiveCfg = Debug|Any CPU
		{6D2B41CD-CE07-4C2C-A1B7-65C82CD49971}.Ad-Hoc|iPhone.Build.0 = Debug|Any CPU
		{6D2B41CD-CE07-4C2C-A1B7-65C82CD49971}.Ad-Hoc|iPhoneSimulator.ActiveCfg = Debug|Any CPU
		{6D2B41CD-CE07-4C2C-A1B7-65C82CD49971}.Ad-Hoc|iPhoneSimulator.Build.0 = Debug|Any CPU
		{6D2B41CD-CE07-4C2C-A1B7-65C82CD49971}.Ad-Hoc|x64.ActiveCfg = Debug|Any CPU
		{6D2B41CD-CE07-4C2C-A1B7-65C82CD49971}.Ad-Hoc|x64.Build.0 = Debug|Any CPU
		{6D2B41CD-CE07-4C2C-A1B7-65C82CD49971}.Ad-Hoc|x86.ActiveCfg = Debug|Any CPU
		{6D2B41CD-CE07-4C2C-A1B7-65C82CD49971}.Ad-Hoc|x86.Build.0 = Debug|Any CPU
		{6D2B41CD-CE07-4C2C-A1B7-65C82CD49971}.AppStore|Any CPU.ActiveCfg = Debug|Any CPU
		{6D2B41CD-CE07-4C2C-A1B7-65C82CD49971}.AppStore|Any CPU.Build.0 = Debug|Any CPU
		{6D2B41CD-CE07-4C2C-A1B7-65C82CD49971}.AppStore|ARM.ActiveCfg = Debug|Any CPU
		{6D2B41CD-CE07-4C2C-A1B7-65C82CD49971}.AppStore|ARM.Build.0 = Debug|Any CPU
		{6D2B41CD-CE07-4C2C-A1B7-65C82CD49971}.AppStore|iPhone.ActiveCfg = Debug|Any CPU
		{6D2B41CD-CE07-4C2C-A1B7-65C82CD49971}.AppStore|iPhone.Build.0 = Debug|Any CPU
		{6D2B41CD-CE07-4C2C-A1B7-65C82CD49971}.AppStore|iPhoneSimulator.ActiveCfg = Debug|Any CPU
		{6D2B41CD-CE07-4C2C-A1B7-65C82CD49971}.AppStore|iPhoneSimulator.Build.0 = Debug|Any CPU
		{6D2B41CD-CE07-4C2C-A1B7-65C82CD49971}.AppStore|x64.ActiveCfg = Debug|Any CPU
		{6D2B41CD-CE07-4C2C-A1B7-65C82CD49971}.AppStore|x64.Build.0 = Debug|Any CPU
		{6D2B41CD-CE07-4C2C-A1B7-65C82CD49971}.AppStore|x86.ActiveCfg = Debug|Any CPU
		{6D2B41CD-CE07-4C2C-A1B7-65C82CD49971}.AppStore|x86.Build.0 = Debug|Any CPU
		{6D2B41CD-CE07-4C2C-A1B7-65C82CD49971}.Debug|Any CPU.ActiveCfg = Debug|Any CPU
		{6D2B41CD-CE07-4C2C-A1B7-65C82CD49971}.Debug|Any CPU.Build.0 = Debug|Any CPU
		{6D2B41CD-CE07-4C2C-A1B7-65C82CD49971}.Debug|ARM.ActiveCfg = Debug|Any CPU
		{6D2B41CD-CE07-4C2C-A1B7-65C82CD49971}.Debug|ARM.Build.0 = Debug|Any CPU
		{6D2B41CD-CE07-4C2C-A1B7-65C82CD49971}.Debug|iPhone.ActiveCfg = Debug|Any CPU
		{6D2B41CD-CE07-4C2C-A1B7-65C82CD49971}.Debug|iPhone.Build.0 = Debug|Any CPU
		{6D2B41CD-CE07-4C2C-A1B7-65C82CD49971}.Debug|iPhoneSimulator.ActiveCfg = Debug|Any CPU
		{6D2B41CD-CE07-4C2C-A1B7-65C82CD49971}.Debug|iPhoneSimulator.Build.0 = Debug|Any CPU
		{6D2B41CD-CE07-4C2C-A1B7-65C82CD49971}.Debug|x64.ActiveCfg = Debug|Any CPU
		{6D2B41CD-CE07-4C2C-A1B7-65C82CD49971}.Debug|x64.Build.0 = Debug|Any CPU
		{6D2B41CD-CE07-4C2C-A1B7-65C82CD49971}.Debug|x86.ActiveCfg = Debug|Any CPU
		{6D2B41CD-CE07-4C2C-A1B7-65C82CD49971}.Debug|x86.Build.0 = Debug|Any CPU
		{6D2B41CD-CE07-4C2C-A1B7-65C82CD49971}.Release|Any CPU.ActiveCfg = Release|Any CPU
		{6D2B41CD-CE07-4C2C-A1B7-65C82CD49971}.Release|Any CPU.Build.0 = Release|Any CPU
		{6D2B41CD-CE07-4C2C-A1B7-65C82CD49971}.Release|ARM.ActiveCfg = Release|Any CPU
		{6D2B41CD-CE07-4C2C-A1B7-65C82CD49971}.Release|ARM.Build.0 = Release|Any CPU
		{6D2B41CD-CE07-4C2C-A1B7-65C82CD49971}.Release|iPhone.ActiveCfg = Release|Any CPU
		{6D2B41CD-CE07-4C2C-A1B7-65C82CD49971}.Release|iPhone.Build.0 = Release|Any CPU
		{6D2B41CD-CE07-4C2C-A1B7-65C82CD49971}.Release|iPhoneSimulator.ActiveCfg = Release|Any CPU
		{6D2B41CD-CE07-4C2C-A1B7-65C82CD49971}.Release|iPhoneSimulator.Build.0 = Release|Any CPU
		{6D2B41CD-CE07-4C2C-A1B7-65C82CD49971}.Release|x64.ActiveCfg = Release|Any CPU
		{6D2B41CD-CE07-4C2C-A1B7-65C82CD49971}.Release|x64.Build.0 = Release|Any CPU
		{6D2B41CD-CE07-4C2C-A1B7-65C82CD49971}.Release|x86.ActiveCfg = Release|Any CPU
		{6D2B41CD-CE07-4C2C-A1B7-65C82CD49971}.Release|x86.Build.0 = Release|Any CPU
		{D6E383B2-7439-430B-97C2-BAA2ACE69EF6}.Ad-Hoc|Any CPU.ActiveCfg = Release|Any CPU
		{D6E383B2-7439-430B-97C2-BAA2ACE69EF6}.Ad-Hoc|Any CPU.Build.0 = Release|Any CPU
		{D6E383B2-7439-430B-97C2-BAA2ACE69EF6}.Ad-Hoc|Any CPU.Deploy.0 = Release|Any CPU
		{D6E383B2-7439-430B-97C2-BAA2ACE69EF6}.Ad-Hoc|ARM.ActiveCfg = Release|Any CPU
		{D6E383B2-7439-430B-97C2-BAA2ACE69EF6}.Ad-Hoc|ARM.Build.0 = Release|Any CPU
		{D6E383B2-7439-430B-97C2-BAA2ACE69EF6}.Ad-Hoc|ARM.Deploy.0 = Release|Any CPU
		{D6E383B2-7439-430B-97C2-BAA2ACE69EF6}.Ad-Hoc|iPhone.ActiveCfg = Release|Any CPU
		{D6E383B2-7439-430B-97C2-BAA2ACE69EF6}.Ad-Hoc|iPhone.Build.0 = Release|Any CPU
		{D6E383B2-7439-430B-97C2-BAA2ACE69EF6}.Ad-Hoc|iPhone.Deploy.0 = Release|Any CPU
		{D6E383B2-7439-430B-97C2-BAA2ACE69EF6}.Ad-Hoc|iPhoneSimulator.ActiveCfg = Release|Any CPU
		{D6E383B2-7439-430B-97C2-BAA2ACE69EF6}.Ad-Hoc|iPhoneSimulator.Build.0 = Release|Any CPU
		{D6E383B2-7439-430B-97C2-BAA2ACE69EF6}.Ad-Hoc|iPhoneSimulator.Deploy.0 = Release|Any CPU
		{D6E383B2-7439-430B-97C2-BAA2ACE69EF6}.Ad-Hoc|x64.ActiveCfg = Release|Any CPU
		{D6E383B2-7439-430B-97C2-BAA2ACE69EF6}.Ad-Hoc|x64.Build.0 = Release|Any CPU
		{D6E383B2-7439-430B-97C2-BAA2ACE69EF6}.Ad-Hoc|x64.Deploy.0 = Release|Any CPU
		{D6E383B2-7439-430B-97C2-BAA2ACE69EF6}.Ad-Hoc|x86.ActiveCfg = Release|Any CPU
		{D6E383B2-7439-430B-97C2-BAA2ACE69EF6}.Ad-Hoc|x86.Build.0 = Release|Any CPU
		{D6E383B2-7439-430B-97C2-BAA2ACE69EF6}.Ad-Hoc|x86.Deploy.0 = Release|Any CPU
		{D6E383B2-7439-430B-97C2-BAA2ACE69EF6}.AppStore|Any CPU.ActiveCfg = Release|Any CPU
		{D6E383B2-7439-430B-97C2-BAA2ACE69EF6}.AppStore|Any CPU.Build.0 = Release|Any CPU
		{D6E383B2-7439-430B-97C2-BAA2ACE69EF6}.AppStore|Any CPU.Deploy.0 = Release|Any CPU
		{D6E383B2-7439-430B-97C2-BAA2ACE69EF6}.AppStore|ARM.ActiveCfg = Release|Any CPU
		{D6E383B2-7439-430B-97C2-BAA2ACE69EF6}.AppStore|ARM.Build.0 = Release|Any CPU
		{D6E383B2-7439-430B-97C2-BAA2ACE69EF6}.AppStore|ARM.Deploy.0 = Release|Any CPU
		{D6E383B2-7439-430B-97C2-BAA2ACE69EF6}.AppStore|iPhone.ActiveCfg = Release|Any CPU
		{D6E383B2-7439-430B-97C2-BAA2ACE69EF6}.AppStore|iPhone.Build.0 = Release|Any CPU
		{D6E383B2-7439-430B-97C2-BAA2ACE69EF6}.AppStore|iPhone.Deploy.0 = Release|Any CPU
		{D6E383B2-7439-430B-97C2-BAA2ACE69EF6}.AppStore|iPhoneSimulator.ActiveCfg = Release|Any CPU
		{D6E383B2-7439-430B-97C2-BAA2ACE69EF6}.AppStore|iPhoneSimulator.Build.0 = Release|Any CPU
		{D6E383B2-7439-430B-97C2-BAA2ACE69EF6}.AppStore|iPhoneSimulator.Deploy.0 = Release|Any CPU
		{D6E383B2-7439-430B-97C2-BAA2ACE69EF6}.AppStore|x64.ActiveCfg = Release|Any CPU
		{D6E383B2-7439-430B-97C2-BAA2ACE69EF6}.AppStore|x64.Build.0 = Release|Any CPU
		{D6E383B2-7439-430B-97C2-BAA2ACE69EF6}.AppStore|x64.Deploy.0 = Release|Any CPU
		{D6E383B2-7439-430B-97C2-BAA2ACE69EF6}.AppStore|x86.ActiveCfg = Release|Any CPU
		{D6E383B2-7439-430B-97C2-BAA2ACE69EF6}.AppStore|x86.Build.0 = Release|Any CPU
		{D6E383B2-7439-430B-97C2-BAA2ACE69EF6}.AppStore|x86.Deploy.0 = Release|Any CPU
		{D6E383B2-7439-430B-97C2-BAA2ACE69EF6}.Debug|Any CPU.ActiveCfg = Debug|Any CPU
		{D6E383B2-7439-430B-97C2-BAA2ACE69EF6}.Debug|Any CPU.Build.0 = Debug|Any CPU
		{D6E383B2-7439-430B-97C2-BAA2ACE69EF6}.Debug|Any CPU.Deploy.0 = Debug|Any CPU
		{D6E383B2-7439-430B-97C2-BAA2ACE69EF6}.Debug|ARM.ActiveCfg = Debug|Any CPU
		{D6E383B2-7439-430B-97C2-BAA2ACE69EF6}.Debug|ARM.Build.0 = Debug|Any CPU
		{D6E383B2-7439-430B-97C2-BAA2ACE69EF6}.Debug|ARM.Deploy.0 = Debug|Any CPU
		{D6E383B2-7439-430B-97C2-BAA2ACE69EF6}.Debug|iPhone.ActiveCfg = Debug|Any CPU
		{D6E383B2-7439-430B-97C2-BAA2ACE69EF6}.Debug|iPhone.Build.0 = Debug|Any CPU
		{D6E383B2-7439-430B-97C2-BAA2ACE69EF6}.Debug|iPhone.Deploy.0 = Debug|Any CPU
		{D6E383B2-7439-430B-97C2-BAA2ACE69EF6}.Debug|iPhoneSimulator.ActiveCfg = Debug|Any CPU
		{D6E383B2-7439-430B-97C2-BAA2ACE69EF6}.Debug|iPhoneSimulator.Build.0 = Debug|Any CPU
		{D6E383B2-7439-430B-97C2-BAA2ACE69EF6}.Debug|iPhoneSimulator.Deploy.0 = Debug|Any CPU
		{D6E383B2-7439-430B-97C2-BAA2ACE69EF6}.Debug|x64.ActiveCfg = Debug|Any CPU
		{D6E383B2-7439-430B-97C2-BAA2ACE69EF6}.Debug|x64.Build.0 = Debug|Any CPU
		{D6E383B2-7439-430B-97C2-BAA2ACE69EF6}.Debug|x64.Deploy.0 = Debug|Any CPU
		{D6E383B2-7439-430B-97C2-BAA2ACE69EF6}.Debug|x86.ActiveCfg = Debug|Any CPU
		{D6E383B2-7439-430B-97C2-BAA2ACE69EF6}.Debug|x86.Build.0 = Debug|Any CPU
		{D6E383B2-7439-430B-97C2-BAA2ACE69EF6}.Debug|x86.Deploy.0 = Debug|Any CPU
		{D6E383B2-7439-430B-97C2-BAA2ACE69EF6}.Release|Any CPU.ActiveCfg = Release|Any CPU
		{D6E383B2-7439-430B-97C2-BAA2ACE69EF6}.Release|Any CPU.Build.0 = Release|Any CPU
		{D6E383B2-7439-430B-97C2-BAA2ACE69EF6}.Release|Any CPU.Deploy.0 = Release|Any CPU
		{D6E383B2-7439-430B-97C2-BAA2ACE69EF6}.Release|ARM.ActiveCfg = Release|Any CPU
		{D6E383B2-7439-430B-97C2-BAA2ACE69EF6}.Release|ARM.Build.0 = Release|Any CPU
		{D6E383B2-7439-430B-97C2-BAA2ACE69EF6}.Release|ARM.Deploy.0 = Release|Any CPU
		{D6E383B2-7439-430B-97C2-BAA2ACE69EF6}.Release|iPhone.ActiveCfg = Release|Any CPU
		{D6E383B2-7439-430B-97C2-BAA2ACE69EF6}.Release|iPhone.Build.0 = Release|Any CPU
		{D6E383B2-7439-430B-97C2-BAA2ACE69EF6}.Release|iPhone.Deploy.0 = Release|Any CPU
		{D6E383B2-7439-430B-97C2-BAA2ACE69EF6}.Release|iPhoneSimulator.ActiveCfg = Release|Any CPU
		{D6E383B2-7439-430B-97C2-BAA2ACE69EF6}.Release|iPhoneSimulator.Build.0 = Release|Any CPU
		{D6E383B2-7439-430B-97C2-BAA2ACE69EF6}.Release|iPhoneSimulator.Deploy.0 = Release|Any CPU
		{D6E383B2-7439-430B-97C2-BAA2ACE69EF6}.Release|x64.ActiveCfg = Release|Any CPU
		{D6E383B2-7439-430B-97C2-BAA2ACE69EF6}.Release|x64.Build.0 = Release|Any CPU
		{D6E383B2-7439-430B-97C2-BAA2ACE69EF6}.Release|x64.Deploy.0 = Release|Any CPU
		{D6E383B2-7439-430B-97C2-BAA2ACE69EF6}.Release|x86.ActiveCfg = Release|Any CPU
		{D6E383B2-7439-430B-97C2-BAA2ACE69EF6}.Release|x86.Build.0 = Release|Any CPU
		{D6E383B2-7439-430B-97C2-BAA2ACE69EF6}.Release|x86.Deploy.0 = Release|Any CPU
		{3487D8CA-519A-4B0B-BDF1-6F6D35AF76B9}.Ad-Hoc|Any CPU.ActiveCfg = Ad-Hoc|iPhone
		{3487D8CA-519A-4B0B-BDF1-6F6D35AF76B9}.Ad-Hoc|ARM.ActiveCfg = Ad-Hoc|iPhone
		{3487D8CA-519A-4B0B-BDF1-6F6D35AF76B9}.Ad-Hoc|iPhone.ActiveCfg = Ad-Hoc|iPhone
		{3487D8CA-519A-4B0B-BDF1-6F6D35AF76B9}.Ad-Hoc|iPhone.Build.0 = Ad-Hoc|iPhone
		{3487D8CA-519A-4B0B-BDF1-6F6D35AF76B9}.Ad-Hoc|iPhoneSimulator.ActiveCfg = Ad-Hoc|iPhoneSimulator
		{3487D8CA-519A-4B0B-BDF1-6F6D35AF76B9}.Ad-Hoc|iPhoneSimulator.Build.0 = Ad-Hoc|iPhoneSimulator
		{3487D8CA-519A-4B0B-BDF1-6F6D35AF76B9}.Ad-Hoc|x64.ActiveCfg = Ad-Hoc|iPhone
		{3487D8CA-519A-4B0B-BDF1-6F6D35AF76B9}.Ad-Hoc|x86.ActiveCfg = Ad-Hoc|iPhone
		{3487D8CA-519A-4B0B-BDF1-6F6D35AF76B9}.AppStore|Any CPU.ActiveCfg = AppStore|iPhone
		{3487D8CA-519A-4B0B-BDF1-6F6D35AF76B9}.AppStore|ARM.ActiveCfg = AppStore|iPhone
		{3487D8CA-519A-4B0B-BDF1-6F6D35AF76B9}.AppStore|iPhone.ActiveCfg = AppStore|iPhone
		{3487D8CA-519A-4B0B-BDF1-6F6D35AF76B9}.AppStore|iPhone.Build.0 = AppStore|iPhone
		{3487D8CA-519A-4B0B-BDF1-6F6D35AF76B9}.AppStore|iPhoneSimulator.ActiveCfg = AppStore|iPhoneSimulator
		{3487D8CA-519A-4B0B-BDF1-6F6D35AF76B9}.AppStore|iPhoneSimulator.Build.0 = AppStore|iPhoneSimulator
		{3487D8CA-519A-4B0B-BDF1-6F6D35AF76B9}.AppStore|x64.ActiveCfg = AppStore|iPhone
		{3487D8CA-519A-4B0B-BDF1-6F6D35AF76B9}.AppStore|x86.ActiveCfg = AppStore|iPhone
		{3487D8CA-519A-4B0B-BDF1-6F6D35AF76B9}.Debug|Any CPU.ActiveCfg = Debug|iPhone
		{3487D8CA-519A-4B0B-BDF1-6F6D35AF76B9}.Debug|ARM.ActiveCfg = Debug|iPhone
		{3487D8CA-519A-4B0B-BDF1-6F6D35AF76B9}.Debug|iPhone.ActiveCfg = Debug|iPhone
		{3487D8CA-519A-4B0B-BDF1-6F6D35AF76B9}.Debug|iPhone.Build.0 = Debug|iPhone
		{3487D8CA-519A-4B0B-BDF1-6F6D35AF76B9}.Debug|iPhoneSimulator.ActiveCfg = Debug|iPhoneSimulator
		{3487D8CA-519A-4B0B-BDF1-6F6D35AF76B9}.Debug|iPhoneSimulator.Build.0 = Debug|iPhoneSimulator
		{3487D8CA-519A-4B0B-BDF1-6F6D35AF76B9}.Debug|x64.ActiveCfg = Debug|iPhone
		{3487D8CA-519A-4B0B-BDF1-6F6D35AF76B9}.Debug|x86.ActiveCfg = Debug|iPhone
		{3487D8CA-519A-4B0B-BDF1-6F6D35AF76B9}.Release|Any CPU.ActiveCfg = Release|iPhone
		{3487D8CA-519A-4B0B-BDF1-6F6D35AF76B9}.Release|ARM.ActiveCfg = Release|iPhone
		{3487D8CA-519A-4B0B-BDF1-6F6D35AF76B9}.Release|iPhone.ActiveCfg = Release|iPhone
		{3487D8CA-519A-4B0B-BDF1-6F6D35AF76B9}.Release|iPhone.Build.0 = Release|iPhone
		{3487D8CA-519A-4B0B-BDF1-6F6D35AF76B9}.Release|iPhoneSimulator.ActiveCfg = Release|iPhoneSimulator
		{3487D8CA-519A-4B0B-BDF1-6F6D35AF76B9}.Release|iPhoneSimulator.Build.0 = Release|iPhoneSimulator
		{3487D8CA-519A-4B0B-BDF1-6F6D35AF76B9}.Release|x64.ActiveCfg = Release|iPhone
		{3487D8CA-519A-4B0B-BDF1-6F6D35AF76B9}.Release|x86.ActiveCfg = Release|iPhone
		{F424C58E-858F-4363-AE47-403D05EAC3B4}.Ad-Hoc|Any CPU.ActiveCfg = Release|x86
		{F424C58E-858F-4363-AE47-403D05EAC3B4}.Ad-Hoc|Any CPU.Build.0 = Release|x86
		{F424C58E-858F-4363-AE47-403D05EAC3B4}.Ad-Hoc|Any CPU.Deploy.0 = Release|x86
		{F424C58E-858F-4363-AE47-403D05EAC3B4}.Ad-Hoc|ARM.ActiveCfg = Release|ARM
		{F424C58E-858F-4363-AE47-403D05EAC3B4}.Ad-Hoc|ARM.Build.0 = Release|ARM
		{F424C58E-858F-4363-AE47-403D05EAC3B4}.Ad-Hoc|ARM.Deploy.0 = Release|ARM
		{F424C58E-858F-4363-AE47-403D05EAC3B4}.Ad-Hoc|iPhone.ActiveCfg = Release|x86
		{F424C58E-858F-4363-AE47-403D05EAC3B4}.Ad-Hoc|iPhone.Build.0 = Release|x86
		{F424C58E-858F-4363-AE47-403D05EAC3B4}.Ad-Hoc|iPhone.Deploy.0 = Release|x86
		{F424C58E-858F-4363-AE47-403D05EAC3B4}.Ad-Hoc|iPhoneSimulator.ActiveCfg = Release|x86
		{F424C58E-858F-4363-AE47-403D05EAC3B4}.Ad-Hoc|iPhoneSimulator.Build.0 = Release|x86
		{F424C58E-858F-4363-AE47-403D05EAC3B4}.Ad-Hoc|iPhoneSimulator.Deploy.0 = Release|x86
		{F424C58E-858F-4363-AE47-403D05EAC3B4}.Ad-Hoc|x64.ActiveCfg = Release|x64
		{F424C58E-858F-4363-AE47-403D05EAC3B4}.Ad-Hoc|x64.Build.0 = Release|x64
		{F424C58E-858F-4363-AE47-403D05EAC3B4}.Ad-Hoc|x64.Deploy.0 = Release|x64
		{F424C58E-858F-4363-AE47-403D05EAC3B4}.Ad-Hoc|x86.ActiveCfg = Release|x86
		{F424C58E-858F-4363-AE47-403D05EAC3B4}.Ad-Hoc|x86.Build.0 = Release|x86
		{F424C58E-858F-4363-AE47-403D05EAC3B4}.Ad-Hoc|x86.Deploy.0 = Release|x86
		{F424C58E-858F-4363-AE47-403D05EAC3B4}.AppStore|Any CPU.ActiveCfg = Release|x86
		{F424C58E-858F-4363-AE47-403D05EAC3B4}.AppStore|Any CPU.Build.0 = Release|x86
		{F424C58E-858F-4363-AE47-403D05EAC3B4}.AppStore|Any CPU.Deploy.0 = Release|x86
		{F424C58E-858F-4363-AE47-403D05EAC3B4}.AppStore|ARM.ActiveCfg = Release|ARM
		{F424C58E-858F-4363-AE47-403D05EAC3B4}.AppStore|ARM.Build.0 = Release|ARM
		{F424C58E-858F-4363-AE47-403D05EAC3B4}.AppStore|ARM.Deploy.0 = Release|ARM
		{F424C58E-858F-4363-AE47-403D05EAC3B4}.AppStore|iPhone.ActiveCfg = Release|x86
		{F424C58E-858F-4363-AE47-403D05EAC3B4}.AppStore|iPhone.Build.0 = Release|x86
		{F424C58E-858F-4363-AE47-403D05EAC3B4}.AppStore|iPhone.Deploy.0 = Release|x86
		{F424C58E-858F-4363-AE47-403D05EAC3B4}.AppStore|iPhoneSimulator.ActiveCfg = Release|x86
		{F424C58E-858F-4363-AE47-403D05EAC3B4}.AppStore|iPhoneSimulator.Build.0 = Release|x86
		{F424C58E-858F-4363-AE47-403D05EAC3B4}.AppStore|iPhoneSimulator.Deploy.0 = Release|x86
		{F424C58E-858F-4363-AE47-403D05EAC3B4}.AppStore|x64.ActiveCfg = Release|x64
		{F424C58E-858F-4363-AE47-403D05EAC3B4}.AppStore|x64.Build.0 = Release|x64
		{F424C58E-858F-4363-AE47-403D05EAC3B4}.AppStore|x64.Deploy.0 = Release|x64
		{F424C58E-858F-4363-AE47-403D05EAC3B4}.AppStore|x86.ActiveCfg = Release|x86
		{F424C58E-858F-4363-AE47-403D05EAC3B4}.AppStore|x86.Build.0 = Release|x86
		{F424C58E-858F-4363-AE47-403D05EAC3B4}.AppStore|x86.Deploy.0 = Release|x86
		{F424C58E-858F-4363-AE47-403D05EAC3B4}.Debug|Any CPU.ActiveCfg = Debug|x86
		{F424C58E-858F-4363-AE47-403D05EAC3B4}.Debug|ARM.ActiveCfg = Debug|ARM
		{F424C58E-858F-4363-AE47-403D05EAC3B4}.Debug|ARM.Build.0 = Debug|ARM
		{F424C58E-858F-4363-AE47-403D05EAC3B4}.Debug|ARM.Deploy.0 = Debug|ARM
		{F424C58E-858F-4363-AE47-403D05EAC3B4}.Debug|iPhone.ActiveCfg = Debug|x86
		{F424C58E-858F-4363-AE47-403D05EAC3B4}.Debug|iPhoneSimulator.ActiveCfg = Debug|x86
		{F424C58E-858F-4363-AE47-403D05EAC3B4}.Debug|x64.ActiveCfg = Debug|x64
		{F424C58E-858F-4363-AE47-403D05EAC3B4}.Debug|x64.Build.0 = Debug|x64
		{F424C58E-858F-4363-AE47-403D05EAC3B4}.Debug|x64.Deploy.0 = Debug|x64
		{F424C58E-858F-4363-AE47-403D05EAC3B4}.Debug|x86.ActiveCfg = Debug|x86
		{F424C58E-858F-4363-AE47-403D05EAC3B4}.Debug|x86.Build.0 = Debug|x86
		{F424C58E-858F-4363-AE47-403D05EAC3B4}.Debug|x86.Deploy.0 = Debug|x86
		{F424C58E-858F-4363-AE47-403D05EAC3B4}.Release|Any CPU.ActiveCfg = Release|x86
		{F424C58E-858F-4363-AE47-403D05EAC3B4}.Release|ARM.ActiveCfg = Release|ARM
		{F424C58E-858F-4363-AE47-403D05EAC3B4}.Release|ARM.Build.0 = Release|ARM
		{F424C58E-858F-4363-AE47-403D05EAC3B4}.Release|ARM.Deploy.0 = Release|ARM
		{F424C58E-858F-4363-AE47-403D05EAC3B4}.Release|iPhone.ActiveCfg = Release|x86
		{F424C58E-858F-4363-AE47-403D05EAC3B4}.Release|iPhoneSimulator.ActiveCfg = Release|x86
		{F424C58E-858F-4363-AE47-403D05EAC3B4}.Release|x64.ActiveCfg = Release|x64
		{F424C58E-858F-4363-AE47-403D05EAC3B4}.Release|x64.Build.0 = Release|x64
		{F424C58E-858F-4363-AE47-403D05EAC3B4}.Release|x64.Deploy.0 = Release|x64
		{F424C58E-858F-4363-AE47-403D05EAC3B4}.Release|x86.ActiveCfg = Release|x86
		{F424C58E-858F-4363-AE47-403D05EAC3B4}.Release|x86.Build.0 = Release|x86
		{F424C58E-858F-4363-AE47-403D05EAC3B4}.Release|x86.Deploy.0 = Release|x86
		{720432E0-BA57-4651-971D-98C650DE5B88}.Ad-Hoc|Any CPU.ActiveCfg = Debug|Any CPU
		{720432E0-BA57-4651-971D-98C650DE5B88}.Ad-Hoc|Any CPU.Build.0 = Debug|Any CPU
		{720432E0-BA57-4651-971D-98C650DE5B88}.Ad-Hoc|ARM.ActiveCfg = Debug|Any CPU
		{720432E0-BA57-4651-971D-98C650DE5B88}.Ad-Hoc|ARM.Build.0 = Debug|Any CPU
		{720432E0-BA57-4651-971D-98C650DE5B88}.Ad-Hoc|iPhone.ActiveCfg = Debug|Any CPU
		{720432E0-BA57-4651-971D-98C650DE5B88}.Ad-Hoc|iPhone.Build.0 = Debug|Any CPU
		{720432E0-BA57-4651-971D-98C650DE5B88}.Ad-Hoc|iPhoneSimulator.ActiveCfg = Debug|Any CPU
		{720432E0-BA57-4651-971D-98C650DE5B88}.Ad-Hoc|iPhoneSimulator.Build.0 = Debug|Any CPU
		{720432E0-BA57-4651-971D-98C650DE5B88}.Ad-Hoc|x64.ActiveCfg = Debug|Any CPU
		{720432E0-BA57-4651-971D-98C650DE5B88}.Ad-Hoc|x64.Build.0 = Debug|Any CPU
		{720432E0-BA57-4651-971D-98C650DE5B88}.Ad-Hoc|x86.ActiveCfg = Debug|Any CPU
		{720432E0-BA57-4651-971D-98C650DE5B88}.Ad-Hoc|x86.Build.0 = Debug|Any CPU
		{720432E0-BA57-4651-971D-98C650DE5B88}.AppStore|Any CPU.ActiveCfg = Debug|Any CPU
		{720432E0-BA57-4651-971D-98C650DE5B88}.AppStore|Any CPU.Build.0 = Debug|Any CPU
		{720432E0-BA57-4651-971D-98C650DE5B88}.AppStore|ARM.ActiveCfg = Debug|Any CPU
		{720432E0-BA57-4651-971D-98C650DE5B88}.AppStore|ARM.Build.0 = Debug|Any CPU
		{720432E0-BA57-4651-971D-98C650DE5B88}.AppStore|iPhone.ActiveCfg = Debug|Any CPU
		{720432E0-BA57-4651-971D-98C650DE5B88}.AppStore|iPhone.Build.0 = Debug|Any CPU
		{720432E0-BA57-4651-971D-98C650DE5B88}.AppStore|iPhoneSimulator.ActiveCfg = Debug|Any CPU
		{720432E0-BA57-4651-971D-98C650DE5B88}.AppStore|iPhoneSimulator.Build.0 = Debug|Any CPU
		{720432E0-BA57-4651-971D-98C650DE5B88}.AppStore|x64.ActiveCfg = Debug|Any CPU
		{720432E0-BA57-4651-971D-98C650DE5B88}.AppStore|x64.Build.0 = Debug|Any CPU
		{720432E0-BA57-4651-971D-98C650DE5B88}.AppStore|x86.ActiveCfg = Debug|Any CPU
		{720432E0-BA57-4651-971D-98C650DE5B88}.AppStore|x86.Build.0 = Debug|Any CPU
		{720432E0-BA57-4651-971D-98C650DE5B88}.Debug|Any CPU.ActiveCfg = Debug|Any CPU
		{720432E0-BA57-4651-971D-98C650DE5B88}.Debug|Any CPU.Build.0 = Debug|Any CPU
		{720432E0-BA57-4651-971D-98C650DE5B88}.Debug|ARM.ActiveCfg = Debug|Any CPU
		{720432E0-BA57-4651-971D-98C650DE5B88}.Debug|ARM.Build.0 = Debug|Any CPU
		{720432E0-BA57-4651-971D-98C650DE5B88}.Debug|iPhone.ActiveCfg = Debug|Any CPU
		{720432E0-BA57-4651-971D-98C650DE5B88}.Debug|iPhone.Build.0 = Debug|Any CPU
		{720432E0-BA57-4651-971D-98C650DE5B88}.Debug|iPhoneSimulator.ActiveCfg = Debug|Any CPU
		{720432E0-BA57-4651-971D-98C650DE5B88}.Debug|iPhoneSimulator.Build.0 = Debug|Any CPU
		{720432E0-BA57-4651-971D-98C650DE5B88}.Debug|x64.ActiveCfg = Debug|Any CPU
		{720432E0-BA57-4651-971D-98C650DE5B88}.Debug|x64.Build.0 = Debug|Any CPU
		{720432E0-BA57-4651-971D-98C650DE5B88}.Debug|x86.ActiveCfg = Debug|Any CPU
		{720432E0-BA57-4651-971D-98C650DE5B88}.Debug|x86.Build.0 = Debug|Any CPU
		{720432E0-BA57-4651-971D-98C650DE5B88}.Release|Any CPU.ActiveCfg = Release|Any CPU
		{720432E0-BA57-4651-971D-98C650DE5B88}.Release|Any CPU.Build.0 = Release|Any CPU
		{720432E0-BA57-4651-971D-98C650DE5B88}.Release|ARM.ActiveCfg = Release|Any CPU
		{720432E0-BA57-4651-971D-98C650DE5B88}.Release|ARM.Build.0 = Release|Any CPU
		{720432E0-BA57-4651-971D-98C650DE5B88}.Release|iPhone.ActiveCfg = Release|Any CPU
		{720432E0-BA57-4651-971D-98C650DE5B88}.Release|iPhone.Build.0 = Release|Any CPU
		{720432E0-BA57-4651-971D-98C650DE5B88}.Release|iPhoneSimulator.ActiveCfg = Release|Any CPU
		{720432E0-BA57-4651-971D-98C650DE5B88}.Release|iPhoneSimulator.Build.0 = Release|Any CPU
		{720432E0-BA57-4651-971D-98C650DE5B88}.Release|x64.ActiveCfg = Release|Any CPU
		{720432E0-BA57-4651-971D-98C650DE5B88}.Release|x64.Build.0 = Release|Any CPU
		{720432E0-BA57-4651-971D-98C650DE5B88}.Release|x86.ActiveCfg = Release|Any CPU
		{720432E0-BA57-4651-971D-98C650DE5B88}.Release|x86.Build.0 = Release|Any CPU
	EndGlobalSection
	GlobalSection(SolutionProperties) = preSolution
		HideSolutionNode = FALSE
	EndGlobalSection
	GlobalSection(ExtensibilityGlobals) = postSolution
		SolutionGuid = {621CCAAD-88AA-46E3-B241-F6CBA6B9A538}
	EndGlobalSection
EndGlobal
